// !$*UTF8*$!
{
	archiveVersion = 1;
	classes = {
	};
	objectVersion = 50;
	objects = {

/* Begin PBXBuildFile section */
		02459090419135EA8886EDBE /* Pods_WatchTesterApp_WatchKit_App.framework in Frameworks */ = {isa = PBXBuildFile; fileRef = 805C5ED2F77A6FA0238F1A36 /* Pods_WatchTesterApp_WatchKit_App.framework */; };
		208389E22716E19C000ABC6B /* AppDelegate.swift in Sources */ = {isa = PBXBuildFile; fileRef = 208389E12716E19C000ABC6B /* AppDelegate.swift */; };
		208389E42716E19C000ABC6B /* SceneDelegate.swift in Sources */ = {isa = PBXBuildFile; fileRef = 208389E32716E19C000ABC6B /* SceneDelegate.swift */; };
		208389E62716E19C000ABC6B /* ViewController.swift in Sources */ = {isa = PBXBuildFile; fileRef = 208389E52716E19C000ABC6B /* ViewController.swift */; };
		208389E92716E19C000ABC6B /* Main.storyboard in Resources */ = {isa = PBXBuildFile; fileRef = 208389E72716E19C000ABC6B /* Main.storyboard */; };
		208389EB2716E19E000ABC6B /* Assets.xcassets in Resources */ = {isa = PBXBuildFile; fileRef = 208389EA2716E19E000ABC6B /* Assets.xcassets */; };
		208389EE2716E19E000ABC6B /* LaunchScreen.storyboard in Resources */ = {isa = PBXBuildFile; fileRef = 208389EC2716E19E000ABC6B /* LaunchScreen.storyboard */; };
		208389F92716E19E000ABC6B /* WatchTesterAppTests.swift in Sources */ = {isa = PBXBuildFile; fileRef = 208389F82716E19E000ABC6B /* WatchTesterAppTests.swift */; };
		20838A042716E19F000ABC6B /* WatchTesterAppUITests.swift in Sources */ = {isa = PBXBuildFile; fileRef = 20838A032716E19F000ABC6B /* WatchTesterAppUITests.swift */; };
		20838A092716E19F000ABC6B /* WatchTesterApp WatchKit App.app in Embed Watch Content */ = {isa = PBXBuildFile; fileRef = 20838A082716E19F000ABC6B /* WatchTesterApp WatchKit App.app */; settings = {ATTRIBUTES = (RemoveHeadersOnCopy, ); }; };
		20838A0F2716E19F000ABC6B /* Interface.storyboard in Resources */ = {isa = PBXBuildFile; fileRef = 20838A0D2716E19F000ABC6B /* Interface.storyboard */; };
		20838A112716E19F000ABC6B /* Assets.xcassets in Resources */ = {isa = PBXBuildFile; fileRef = 20838A102716E19F000ABC6B /* Assets.xcassets */; };
		20838A182716E19F000ABC6B /* WatchTesterApp WatchKit Extension.appex in Embed App Extensions */ = {isa = PBXBuildFile; fileRef = 20838A172716E19F000ABC6B /* WatchTesterApp WatchKit Extension.appex */; settings = {ATTRIBUTES = (RemoveHeadersOnCopy, ); }; };
		20838A1D2716E19F000ABC6B /* InterfaceController.swift in Sources */ = {isa = PBXBuildFile; fileRef = 20838A1C2716E19F000ABC6B /* InterfaceController.swift */; };
		20838A1F2716E19F000ABC6B /* ExtensionDelegate.swift in Sources */ = {isa = PBXBuildFile; fileRef = 20838A1E2716E19F000ABC6B /* ExtensionDelegate.swift */; };
		20838A212716E19F000ABC6B /* ComplicationController.swift in Sources */ = {isa = PBXBuildFile; fileRef = 20838A202716E19F000ABC6B /* ComplicationController.swift */; };
		20838A232716E1A0000ABC6B /* Assets.xcassets in Resources */ = {isa = PBXBuildFile; fileRef = 20838A222716E1A0000ABC6B /* Assets.xcassets */; };
		20838A2E2716E1A0000ABC6B /* WatchTesterApp_WatchKit_AppTests.swift in Sources */ = {isa = PBXBuildFile; fileRef = 20838A2D2716E1A0000ABC6B /* WatchTesterApp_WatchKit_AppTests.swift */; };
		20838A392716E1A0000ABC6B /* WatchTesterApp_WatchKit_AppUITests.swift in Sources */ = {isa = PBXBuildFile; fileRef = 20838A382716E1A0000ABC6B /* WatchTesterApp_WatchKit_AppUITests.swift */; };
		20838A552716E765000ABC6B /* TestInterfaceController.swift in Sources */ = {isa = PBXBuildFile; fileRef = 20838A542716E765000ABC6B /* TestInterfaceController.swift */; };
		49BE8CF176D11BD87AF32777 /* Pods_WatchTesterApp_WatchKit_App_WatchTesterApp_WatchKit_AppUITests.framework in Frameworks */ = {isa = PBXBuildFile; fileRef = C505DDC9501E7D8707D8DD1A /* Pods_WatchTesterApp_WatchKit_App_WatchTesterApp_WatchKit_AppUITests.framework */; };
		7230EA3A9A77658CFC6E7AB7 /* Pods_WatchTesterApp_WatchKit_AppTests.framework in Frameworks */ = {isa = PBXBuildFile; fileRef = 06F4C548C8807F3703BC2F00 /* Pods_WatchTesterApp_WatchKit_AppTests.framework */; };
		85DED9724DF8773D278A214A /* Pods_WatchTesterApp_WatchTesterAppUITests.framework in Frameworks */ = {isa = PBXBuildFile; fileRef = 97C4E92B97E0CA99A2C88CAD /* Pods_WatchTesterApp_WatchTesterAppUITests.framework */; };
		87ABB4C2936DEC2299E98F0F /* Pods_WatchTesterApp.framework in Frameworks */ = {isa = PBXBuildFile; fileRef = 1E333CFF91421E732433A8FD /* Pods_WatchTesterApp.framework */; };
		AE6F085B282372716F0CA0E9 /* Pods_WatchTesterAppTests.framework in Frameworks */ = {isa = PBXBuildFile; fileRef = 5E2573FD7F4051833F94AF72 /* Pods_WatchTesterAppTests.framework */; };
		BD0DA36351F5C29A033D8013 /* Pods_WatchTesterApp_WatchKit_Extension.framework in Frameworks */ = {isa = PBXBuildFile; fileRef = 38BB9E6B4911A25C23978BE2 /* Pods_WatchTesterApp_WatchKit_Extension.framework */; };
/* End PBXBuildFile section */

/* Begin PBXContainerItemProxy section */
		208389F52716E19E000ABC6B /* PBXContainerItemProxy */ = {
			isa = PBXContainerItemProxy;
			containerPortal = 208389D62716E19C000ABC6B /* Project object */;
			proxyType = 1;
			remoteGlobalIDString = 208389DD2716E19C000ABC6B;
			remoteInfo = WatchTesterApp;
		};
		20838A002716E19E000ABC6B /* PBXContainerItemProxy */ = {
			isa = PBXContainerItemProxy;
			containerPortal = 208389D62716E19C000ABC6B /* Project object */;
			proxyType = 1;
			remoteGlobalIDString = 208389DD2716E19C000ABC6B;
			remoteInfo = WatchTesterApp;
		};
		20838A0A2716E19F000ABC6B /* PBXContainerItemProxy */ = {
			isa = PBXContainerItemProxy;
			containerPortal = 208389D62716E19C000ABC6B /* Project object */;
			proxyType = 1;
			remoteGlobalIDString = 20838A072716E19F000ABC6B;
			remoteInfo = "WatchTesterApp WatchKit App";
		};
		20838A192716E19F000ABC6B /* PBXContainerItemProxy */ = {
			isa = PBXContainerItemProxy;
			containerPortal = 208389D62716E19C000ABC6B /* Project object */;
			proxyType = 1;
			remoteGlobalIDString = 20838A162716E19F000ABC6B;
			remoteInfo = "WatchTesterApp WatchKit Extension";
		};
		20838A2A2716E1A0000ABC6B /* PBXContainerItemProxy */ = {
			isa = PBXContainerItemProxy;
			containerPortal = 208389D62716E19C000ABC6B /* Project object */;
			proxyType = 1;
			remoteGlobalIDString = 20838A162716E19F000ABC6B;
			remoteInfo = "WatchTesterApp WatchKit Extension";
		};
		20838A352716E1A0000ABC6B /* PBXContainerItemProxy */ = {
			isa = PBXContainerItemProxy;
			containerPortal = 208389D62716E19C000ABC6B /* Project object */;
			proxyType = 1;
			remoteGlobalIDString = 20838A072716E19F000ABC6B;
			remoteInfo = "WatchTesterApp WatchKit App";
		};
/* End PBXContainerItemProxy section */

/* Begin PBXCopyFilesBuildPhase section */
		20838A402716E1A0000ABC6B /* Embed App Extensions */ = {
			isa = PBXCopyFilesBuildPhase;
			buildActionMask = 2147483647;
			dstPath = "";
			dstSubfolderSpec = 13;
			files = (
				20838A182716E19F000ABC6B /* WatchTesterApp WatchKit Extension.appex in Embed App Extensions */,
			);
			name = "Embed App Extensions";
			runOnlyForDeploymentPostprocessing = 0;
		};
		20838A442716E1A0000ABC6B /* Embed Watch Content */ = {
			isa = PBXCopyFilesBuildPhase;
			buildActionMask = 2147483647;
			dstPath = "$(CONTENTS_FOLDER_PATH)/Watch";
			dstSubfolderSpec = 16;
			files = (
				20838A092716E19F000ABC6B /* WatchTesterApp WatchKit App.app in Embed Watch Content */,
			);
			name = "Embed Watch Content";
			runOnlyForDeploymentPostprocessing = 0;
		};
/* End PBXCopyFilesBuildPhase section */

/* Begin PBXFileReference section */
		06F4C548C8807F3703BC2F00 /* Pods_WatchTesterApp_WatchKit_AppTests.framework */ = {isa = PBXFileReference; explicitFileType = wrapper.framework; includeInIndex = 0; path = Pods_WatchTesterApp_WatchKit_AppTests.framework; sourceTree = BUILT_PRODUCTS_DIR; };
		0E5AC7D886400EAB4643014F /* Pods-WatchTesterApp WatchKit Extension.release.xcconfig */ = {isa = PBXFileReference; includeInIndex = 1; lastKnownFileType = text.xcconfig; name = "Pods-WatchTesterApp WatchKit Extension.release.xcconfig"; path = "Target Support Files/Pods-WatchTesterApp WatchKit Extension/Pods-WatchTesterApp WatchKit Extension.release.xcconfig"; sourceTree = "<group>"; };
		0FF27ADF0205932236B8AFD2 /* Pods-WatchTesterApp WatchKit App-WatchTesterApp WatchKit AppUITests.release.xcconfig */ = {isa = PBXFileReference; includeInIndex = 1; lastKnownFileType = text.xcconfig; name = "Pods-WatchTesterApp WatchKit App-WatchTesterApp WatchKit AppUITests.release.xcconfig"; path = "Target Support Files/Pods-WatchTesterApp WatchKit App-WatchTesterApp WatchKit AppUITests/Pods-WatchTesterApp WatchKit App-WatchTesterApp WatchKit AppUITests.release.xcconfig"; sourceTree = "<group>"; };
		1E333CFF91421E732433A8FD /* Pods_WatchTesterApp.framework */ = {isa = PBXFileReference; explicitFileType = wrapper.framework; includeInIndex = 0; path = Pods_WatchTesterApp.framework; sourceTree = BUILT_PRODUCTS_DIR; };
		1FBA83C0BA62EC91A665587C /* Pods-WatchTesterApp.debug.xcconfig */ = {isa = PBXFileReference; includeInIndex = 1; lastKnownFileType = text.xcconfig; name = "Pods-WatchTesterApp.debug.xcconfig"; path = "Target Support Files/Pods-WatchTesterApp/Pods-WatchTesterApp.debug.xcconfig"; sourceTree = "<group>"; };
		208389DE2716E19C000ABC6B /* WatchTesterApp.app */ = {isa = PBXFileReference; explicitFileType = wrapper.application; includeInIndex = 0; path = WatchTesterApp.app; sourceTree = BUILT_PRODUCTS_DIR; };
		208389E12716E19C000ABC6B /* AppDelegate.swift */ = {isa = PBXFileReference; lastKnownFileType = sourcecode.swift; path = AppDelegate.swift; sourceTree = "<group>"; };
		208389E32716E19C000ABC6B /* SceneDelegate.swift */ = {isa = PBXFileReference; lastKnownFileType = sourcecode.swift; path = SceneDelegate.swift; sourceTree = "<group>"; };
		208389E52716E19C000ABC6B /* ViewController.swift */ = {isa = PBXFileReference; lastKnownFileType = sourcecode.swift; path = ViewController.swift; sourceTree = "<group>"; };
		208389E82716E19C000ABC6B /* Base */ = {isa = PBXFileReference; lastKnownFileType = file.storyboard; name = Base; path = Base.lproj/Main.storyboard; sourceTree = "<group>"; };
		208389EA2716E19E000ABC6B /* Assets.xcassets */ = {isa = PBXFileReference; lastKnownFileType = folder.assetcatalog; path = Assets.xcassets; sourceTree = "<group>"; };
		208389ED2716E19E000ABC6B /* Base */ = {isa = PBXFileReference; lastKnownFileType = file.storyboard; name = Base; path = Base.lproj/LaunchScreen.storyboard; sourceTree = "<group>"; };
		208389EF2716E19E000ABC6B /* Info.plist */ = {isa = PBXFileReference; lastKnownFileType = text.plist.xml; path = Info.plist; sourceTree = "<group>"; };
		208389F42716E19E000ABC6B /* WatchTesterAppTests.xctest */ = {isa = PBXFileReference; explicitFileType = wrapper.cfbundle; includeInIndex = 0; path = WatchTesterAppTests.xctest; sourceTree = BUILT_PRODUCTS_DIR; };
		208389F82716E19E000ABC6B /* WatchTesterAppTests.swift */ = {isa = PBXFileReference; lastKnownFileType = sourcecode.swift; path = WatchTesterAppTests.swift; sourceTree = "<group>"; };
		208389FA2716E19E000ABC6B /* Info.plist */ = {isa = PBXFileReference; lastKnownFileType = text.plist.xml; path = Info.plist; sourceTree = "<group>"; };
		208389FF2716E19E000ABC6B /* WatchTesterAppUITests.xctest */ = {isa = PBXFileReference; explicitFileType = wrapper.cfbundle; includeInIndex = 0; path = WatchTesterAppUITests.xctest; sourceTree = BUILT_PRODUCTS_DIR; };
		20838A032716E19F000ABC6B /* WatchTesterAppUITests.swift */ = {isa = PBXFileReference; lastKnownFileType = sourcecode.swift; path = WatchTesterAppUITests.swift; sourceTree = "<group>"; };
		20838A052716E19F000ABC6B /* Info.plist */ = {isa = PBXFileReference; lastKnownFileType = text.plist.xml; path = Info.plist; sourceTree = "<group>"; };
		20838A082716E19F000ABC6B /* WatchTesterApp WatchKit App.app */ = {isa = PBXFileReference; explicitFileType = wrapper.application; includeInIndex = 0; path = "WatchTesterApp WatchKit App.app"; sourceTree = BUILT_PRODUCTS_DIR; };
		20838A0E2716E19F000ABC6B /* Base */ = {isa = PBXFileReference; lastKnownFileType = file.storyboard; name = Base; path = Base.lproj/Interface.storyboard; sourceTree = "<group>"; };
		20838A102716E19F000ABC6B /* Assets.xcassets */ = {isa = PBXFileReference; lastKnownFileType = folder.assetcatalog; path = Assets.xcassets; sourceTree = "<group>"; };
		20838A122716E19F000ABC6B /* Info.plist */ = {isa = PBXFileReference; lastKnownFileType = text.plist.xml; path = Info.plist; sourceTree = "<group>"; };
		20838A172716E19F000ABC6B /* WatchTesterApp WatchKit Extension.appex */ = {isa = PBXFileReference; explicitFileType = "wrapper.app-extension"; includeInIndex = 0; path = "WatchTesterApp WatchKit Extension.appex"; sourceTree = BUILT_PRODUCTS_DIR; };
		20838A1C2716E19F000ABC6B /* InterfaceController.swift */ = {isa = PBXFileReference; lastKnownFileType = sourcecode.swift; path = InterfaceController.swift; sourceTree = "<group>"; };
		20838A1E2716E19F000ABC6B /* ExtensionDelegate.swift */ = {isa = PBXFileReference; lastKnownFileType = sourcecode.swift; path = ExtensionDelegate.swift; sourceTree = "<group>"; };
		20838A202716E19F000ABC6B /* ComplicationController.swift */ = {isa = PBXFileReference; lastKnownFileType = sourcecode.swift; path = ComplicationController.swift; sourceTree = "<group>"; };
		20838A222716E1A0000ABC6B /* Assets.xcassets */ = {isa = PBXFileReference; lastKnownFileType = folder.assetcatalog; path = Assets.xcassets; sourceTree = "<group>"; };
		20838A242716E1A0000ABC6B /* Info.plist */ = {isa = PBXFileReference; lastKnownFileType = text.plist.xml; path = Info.plist; sourceTree = "<group>"; };
		20838A292716E1A0000ABC6B /* WatchTesterApp WatchKit AppTests.xctest */ = {isa = PBXFileReference; explicitFileType = wrapper.cfbundle; includeInIndex = 0; path = "WatchTesterApp WatchKit AppTests.xctest"; sourceTree = BUILT_PRODUCTS_DIR; };
		20838A2D2716E1A0000ABC6B /* WatchTesterApp_WatchKit_AppTests.swift */ = {isa = PBXFileReference; lastKnownFileType = sourcecode.swift; path = WatchTesterApp_WatchKit_AppTests.swift; sourceTree = "<group>"; };
		20838A2F2716E1A0000ABC6B /* Info.plist */ = {isa = PBXFileReference; lastKnownFileType = text.plist.xml; path = Info.plist; sourceTree = "<group>"; };
		20838A342716E1A0000ABC6B /* WatchTesterApp WatchKit AppUITests.xctest */ = {isa = PBXFileReference; explicitFileType = wrapper.cfbundle; includeInIndex = 0; path = "WatchTesterApp WatchKit AppUITests.xctest"; sourceTree = BUILT_PRODUCTS_DIR; };
		20838A382716E1A0000ABC6B /* WatchTesterApp_WatchKit_AppUITests.swift */ = {isa = PBXFileReference; lastKnownFileType = sourcecode.swift; path = WatchTesterApp_WatchKit_AppUITests.swift; sourceTree = "<group>"; };
		20838A3A2716E1A0000ABC6B /* Info.plist */ = {isa = PBXFileReference; lastKnownFileType = text.plist.xml; path = Info.plist; sourceTree = "<group>"; };
		20838A542716E765000ABC6B /* TestInterfaceController.swift */ = {isa = PBXFileReference; lastKnownFileType = sourcecode.swift; path = TestInterfaceController.swift; sourceTree = "<group>"; };
		38BB9E6B4911A25C23978BE2 /* Pods_WatchTesterApp_WatchKit_Extension.framework */ = {isa = PBXFileReference; explicitFileType = wrapper.framework; includeInIndex = 0; path = Pods_WatchTesterApp_WatchKit_Extension.framework; sourceTree = BUILT_PRODUCTS_DIR; };
		445B623CAED38336E1C7F1D6 /* Pods-WatchTesterApp WatchKit AppTests.release.xcconfig */ = {isa = PBXFileReference; includeInIndex = 1; lastKnownFileType = text.xcconfig; name = "Pods-WatchTesterApp WatchKit AppTests.release.xcconfig"; path = "Target Support Files/Pods-WatchTesterApp WatchKit AppTests/Pods-WatchTesterApp WatchKit AppTests.release.xcconfig"; sourceTree = "<group>"; };
		5E2573FD7F4051833F94AF72 /* Pods_WatchTesterAppTests.framework */ = {isa = PBXFileReference; explicitFileType = wrapper.framework; includeInIndex = 0; path = Pods_WatchTesterAppTests.framework; sourceTree = BUILT_PRODUCTS_DIR; };
		634944DEC9EA27B06876E85D /* Pods-WatchTesterApp-WatchTesterAppUITests.release.xcconfig */ = {isa = PBXFileReference; includeInIndex = 1; lastKnownFileType = text.xcconfig; name = "Pods-WatchTesterApp-WatchTesterAppUITests.release.xcconfig"; path = "Target Support Files/Pods-WatchTesterApp-WatchTesterAppUITests/Pods-WatchTesterApp-WatchTesterAppUITests.release.xcconfig"; sourceTree = "<group>"; };
		6BDA154418FA37BD1C88FBDB /* Pods-WatchTesterApp WatchKit App-WatchTesterApp WatchKit AppUITests.debug.xcconfig */ = {isa = PBXFileReference; includeInIndex = 1; lastKnownFileType = text.xcconfig; name = "Pods-WatchTesterApp WatchKit App-WatchTesterApp WatchKit AppUITests.debug.xcconfig"; path = "Target Support Files/Pods-WatchTesterApp WatchKit App-WatchTesterApp WatchKit AppUITests/Pods-WatchTesterApp WatchKit App-WatchTesterApp WatchKit AppUITests.debug.xcconfig"; sourceTree = "<group>"; };
		804BFC7B88782F629DA8E1EE /* Pods-WatchTesterApp-WatchTesterAppUITests.debug.xcconfig */ = {isa = PBXFileReference; includeInIndex = 1; lastKnownFileType = text.xcconfig; name = "Pods-WatchTesterApp-WatchTesterAppUITests.debug.xcconfig"; path = "Target Support Files/Pods-WatchTesterApp-WatchTesterAppUITests/Pods-WatchTesterApp-WatchTesterAppUITests.debug.xcconfig"; sourceTree = "<group>"; };
		805C5ED2F77A6FA0238F1A36 /* Pods_WatchTesterApp_WatchKit_App.framework */ = {isa = PBXFileReference; explicitFileType = wrapper.framework; includeInIndex = 0; path = Pods_WatchTesterApp_WatchKit_App.framework; sourceTree = BUILT_PRODUCTS_DIR; };
		97C4E92B97E0CA99A2C88CAD /* Pods_WatchTesterApp_WatchTesterAppUITests.framework */ = {isa = PBXFileReference; explicitFileType = wrapper.framework; includeInIndex = 0; path = Pods_WatchTesterApp_WatchTesterAppUITests.framework; sourceTree = BUILT_PRODUCTS_DIR; };
		9E11D5A176C8FBDEA1FABF5A /* Pods-WatchTesterApp.release.xcconfig */ = {isa = PBXFileReference; includeInIndex = 1; lastKnownFileType = text.xcconfig; name = "Pods-WatchTesterApp.release.xcconfig"; path = "Target Support Files/Pods-WatchTesterApp/Pods-WatchTesterApp.release.xcconfig"; sourceTree = "<group>"; };
		A1768BBA9249563B1E3B70F0 /* Pods-WatchTesterApp WatchKit AppTests.debug.xcconfig */ = {isa = PBXFileReference; includeInIndex = 1; lastKnownFileType = text.xcconfig; name = "Pods-WatchTesterApp WatchKit AppTests.debug.xcconfig"; path = "Target Support Files/Pods-WatchTesterApp WatchKit AppTests/Pods-WatchTesterApp WatchKit AppTests.debug.xcconfig"; sourceTree = "<group>"; };
		ACE249C6CF9FE7D811F058E6 /* Pods-WatchTesterAppTests.debug.xcconfig */ = {isa = PBXFileReference; includeInIndex = 1; lastKnownFileType = text.xcconfig; name = "Pods-WatchTesterAppTests.debug.xcconfig"; path = "Target Support Files/Pods-WatchTesterAppTests/Pods-WatchTesterAppTests.debug.xcconfig"; sourceTree = "<group>"; };
		B421DAEE0AABFD2294EF891F /* Pods-WatchTesterApp WatchKit App.debug.xcconfig */ = {isa = PBXFileReference; includeInIndex = 1; lastKnownFileType = text.xcconfig; name = "Pods-WatchTesterApp WatchKit App.debug.xcconfig"; path = "Target Support Files/Pods-WatchTesterApp WatchKit App/Pods-WatchTesterApp WatchKit App.debug.xcconfig"; sourceTree = "<group>"; };
		BEC4E715405610892C56016F /* Pods-WatchTesterApp WatchKit Extension.debug.xcconfig */ = {isa = PBXFileReference; includeInIndex = 1; lastKnownFileType = text.xcconfig; name = "Pods-WatchTesterApp WatchKit Extension.debug.xcconfig"; path = "Target Support Files/Pods-WatchTesterApp WatchKit Extension/Pods-WatchTesterApp WatchKit Extension.debug.xcconfig"; sourceTree = "<group>"; };
		C505DDC9501E7D8707D8DD1A /* Pods_WatchTesterApp_WatchKit_App_WatchTesterApp_WatchKit_AppUITests.framework */ = {isa = PBXFileReference; explicitFileType = wrapper.framework; includeInIndex = 0; path = Pods_WatchTesterApp_WatchKit_App_WatchTesterApp_WatchKit_AppUITests.framework; sourceTree = BUILT_PRODUCTS_DIR; };
		D65C8D882F15E9A2C5AE2BC0 /* Pods-WatchTesterAppTests.release.xcconfig */ = {isa = PBXFileReference; includeInIndex = 1; lastKnownFileType = text.xcconfig; name = "Pods-WatchTesterAppTests.release.xcconfig"; path = "Target Support Files/Pods-WatchTesterAppTests/Pods-WatchTesterAppTests.release.xcconfig"; sourceTree = "<group>"; };
		F427C775377CBE1DCEF9AEB8 /* Pods-WatchTesterApp WatchKit App.release.xcconfig */ = {isa = PBXFileReference; includeInIndex = 1; lastKnownFileType = text.xcconfig; name = "Pods-WatchTesterApp WatchKit App.release.xcconfig"; path = "Target Support Files/Pods-WatchTesterApp WatchKit App/Pods-WatchTesterApp WatchKit App.release.xcconfig"; sourceTree = "<group>"; };
/* End PBXFileReference section */

/* Begin PBXFrameworksBuildPhase section */
		208389DB2716E19C000ABC6B /* Frameworks */ = {
			isa = PBXFrameworksBuildPhase;
			buildActionMask = 2147483647;
			files = (
				87ABB4C2936DEC2299E98F0F /* Pods_WatchTesterApp.framework in Frameworks */,
			);
			runOnlyForDeploymentPostprocessing = 0;
		};
		208389F12716E19E000ABC6B /* Frameworks */ = {
			isa = PBXFrameworksBuildPhase;
			buildActionMask = 2147483647;
			files = (
				AE6F085B282372716F0CA0E9 /* Pods_WatchTesterAppTests.framework in Frameworks */,
			);
			runOnlyForDeploymentPostprocessing = 0;
		};
		208389FC2716E19E000ABC6B /* Frameworks */ = {
			isa = PBXFrameworksBuildPhase;
			buildActionMask = 2147483647;
			files = (
				85DED9724DF8773D278A214A /* Pods_WatchTesterApp_WatchTesterAppUITests.framework in Frameworks */,
			);
			runOnlyForDeploymentPostprocessing = 0;
		};
		20838A142716E19F000ABC6B /* Frameworks */ = {
			isa = PBXFrameworksBuildPhase;
			buildActionMask = 2147483647;
			files = (
				BD0DA36351F5C29A033D8013 /* Pods_WatchTesterApp_WatchKit_Extension.framework in Frameworks */,
			);
			runOnlyForDeploymentPostprocessing = 0;
		};
		20838A262716E1A0000ABC6B /* Frameworks */ = {
			isa = PBXFrameworksBuildPhase;
			buildActionMask = 2147483647;
			files = (
				7230EA3A9A77658CFC6E7AB7 /* Pods_WatchTesterApp_WatchKit_AppTests.framework in Frameworks */,
			);
			runOnlyForDeploymentPostprocessing = 0;
		};
		20838A312716E1A0000ABC6B /* Frameworks */ = {
			isa = PBXFrameworksBuildPhase;
			buildActionMask = 2147483647;
			files = (
				49BE8CF176D11BD87AF32777 /* Pods_WatchTesterApp_WatchKit_App_WatchTesterApp_WatchKit_AppUITests.framework in Frameworks */,
			);
			runOnlyForDeploymentPostprocessing = 0;
		};
		FABA7C3D491C620DBE348635 /* Frameworks */ = {
			isa = PBXFrameworksBuildPhase;
			buildActionMask = 2147483647;
			files = (
				02459090419135EA8886EDBE /* Pods_WatchTesterApp_WatchKit_App.framework in Frameworks */,
			);
			runOnlyForDeploymentPostprocessing = 0;
		};
/* End PBXFrameworksBuildPhase section */

/* Begin PBXGroup section */
		208389D52716E19C000ABC6B = {
			isa = PBXGroup;
			children = (
				208389E02716E19C000ABC6B /* WatchTesterApp */,
				208389F72716E19E000ABC6B /* WatchTesterAppTests */,
				20838A022716E19F000ABC6B /* WatchTesterAppUITests */,
				20838A0C2716E19F000ABC6B /* WatchTesterApp WatchKit App */,
				20838A1B2716E19F000ABC6B /* WatchTesterApp WatchKit Extension */,
				20838A2C2716E1A0000ABC6B /* WatchTesterApp WatchKit AppTests */,
				20838A372716E1A0000ABC6B /* WatchTesterApp WatchKit AppUITests */,
				208389DF2716E19C000ABC6B /* Products */,
				25386D6DA61ED42444FEC675 /* Pods */,
				594DC0761098A76087C0B721 /* Frameworks */,
			);
			sourceTree = "<group>";
		};
		208389DF2716E19C000ABC6B /* Products */ = {
			isa = PBXGroup;
			children = (
				208389DE2716E19C000ABC6B /* WatchTesterApp.app */,
				208389F42716E19E000ABC6B /* WatchTesterAppTests.xctest */,
				208389FF2716E19E000ABC6B /* WatchTesterAppUITests.xctest */,
				20838A082716E19F000ABC6B /* WatchTesterApp WatchKit App.app */,
				20838A172716E19F000ABC6B /* WatchTesterApp WatchKit Extension.appex */,
				20838A292716E1A0000ABC6B /* WatchTesterApp WatchKit AppTests.xctest */,
				20838A342716E1A0000ABC6B /* WatchTesterApp WatchKit AppUITests.xctest */,
			);
			name = Products;
			sourceTree = "<group>";
		};
		208389E02716E19C000ABC6B /* WatchTesterApp */ = {
			isa = PBXGroup;
			children = (
				208389E12716E19C000ABC6B /* AppDelegate.swift */,
				208389E32716E19C000ABC6B /* SceneDelegate.swift */,
				208389E52716E19C000ABC6B /* ViewController.swift */,
				208389E72716E19C000ABC6B /* Main.storyboard */,
				208389EA2716E19E000ABC6B /* Assets.xcassets */,
				208389EC2716E19E000ABC6B /* LaunchScreen.storyboard */,
				208389EF2716E19E000ABC6B /* Info.plist */,
			);
			path = WatchTesterApp;
			sourceTree = "<group>";
		};
		208389F72716E19E000ABC6B /* WatchTesterAppTests */ = {
			isa = PBXGroup;
			children = (
				208389F82716E19E000ABC6B /* WatchTesterAppTests.swift */,
				208389FA2716E19E000ABC6B /* Info.plist */,
			);
			path = WatchTesterAppTests;
			sourceTree = "<group>";
		};
		20838A022716E19F000ABC6B /* WatchTesterAppUITests */ = {
			isa = PBXGroup;
			children = (
				20838A032716E19F000ABC6B /* WatchTesterAppUITests.swift */,
				20838A052716E19F000ABC6B /* Info.plist */,
			);
			path = WatchTesterAppUITests;
			sourceTree = "<group>";
		};
		20838A0C2716E19F000ABC6B /* WatchTesterApp WatchKit App */ = {
			isa = PBXGroup;
			children = (
				20838A0D2716E19F000ABC6B /* Interface.storyboard */,
				20838A102716E19F000ABC6B /* Assets.xcassets */,
				20838A122716E19F000ABC6B /* Info.plist */,
			);
			path = "WatchTesterApp WatchKit App";
			sourceTree = "<group>";
		};
		20838A1B2716E19F000ABC6B /* WatchTesterApp WatchKit Extension */ = {
			isa = PBXGroup;
			children = (
				20838A1C2716E19F000ABC6B /* InterfaceController.swift */,
				20838A1E2716E19F000ABC6B /* ExtensionDelegate.swift */,
				20838A542716E765000ABC6B /* TestInterfaceController.swift */,
				20838A202716E19F000ABC6B /* ComplicationController.swift */,
				20838A222716E1A0000ABC6B /* Assets.xcassets */,
				20838A242716E1A0000ABC6B /* Info.plist */,
			);
			path = "WatchTesterApp WatchKit Extension";
			sourceTree = "<group>";
		};
		20838A2C2716E1A0000ABC6B /* WatchTesterApp WatchKit AppTests */ = {
			isa = PBXGroup;
			children = (
				20838A2D2716E1A0000ABC6B /* WatchTesterApp_WatchKit_AppTests.swift */,
				20838A2F2716E1A0000ABC6B /* Info.plist */,
			);
			path = "WatchTesterApp WatchKit AppTests";
			sourceTree = "<group>";
		};
		20838A372716E1A0000ABC6B /* WatchTesterApp WatchKit AppUITests */ = {
			isa = PBXGroup;
			children = (
				20838A382716E1A0000ABC6B /* WatchTesterApp_WatchKit_AppUITests.swift */,
				20838A3A2716E1A0000ABC6B /* Info.plist */,
			);
			path = "WatchTesterApp WatchKit AppUITests";
			sourceTree = "<group>";
		};
		25386D6DA61ED42444FEC675 /* Pods */ = {
			isa = PBXGroup;
			children = (
				1FBA83C0BA62EC91A665587C /* Pods-WatchTesterApp.debug.xcconfig */,
				9E11D5A176C8FBDEA1FABF5A /* Pods-WatchTesterApp.release.xcconfig */,
				B421DAEE0AABFD2294EF891F /* Pods-WatchTesterApp WatchKit App.debug.xcconfig */,
				F427C775377CBE1DCEF9AEB8 /* Pods-WatchTesterApp WatchKit App.release.xcconfig */,
				6BDA154418FA37BD1C88FBDB /* Pods-WatchTesterApp WatchKit App-WatchTesterApp WatchKit AppUITests.debug.xcconfig */,
				0FF27ADF0205932236B8AFD2 /* Pods-WatchTesterApp WatchKit App-WatchTesterApp WatchKit AppUITests.release.xcconfig */,
				A1768BBA9249563B1E3B70F0 /* Pods-WatchTesterApp WatchKit AppTests.debug.xcconfig */,
				445B623CAED38336E1C7F1D6 /* Pods-WatchTesterApp WatchKit AppTests.release.xcconfig */,
				BEC4E715405610892C56016F /* Pods-WatchTesterApp WatchKit Extension.debug.xcconfig */,
				0E5AC7D886400EAB4643014F /* Pods-WatchTesterApp WatchKit Extension.release.xcconfig */,
				804BFC7B88782F629DA8E1EE /* Pods-WatchTesterApp-WatchTesterAppUITests.debug.xcconfig */,
				634944DEC9EA27B06876E85D /* Pods-WatchTesterApp-WatchTesterAppUITests.release.xcconfig */,
				ACE249C6CF9FE7D811F058E6 /* Pods-WatchTesterAppTests.debug.xcconfig */,
				D65C8D882F15E9A2C5AE2BC0 /* Pods-WatchTesterAppTests.release.xcconfig */,
			);
			name = Pods;
			path = Pods;
			sourceTree = "<group>";
		};
		594DC0761098A76087C0B721 /* Frameworks */ = {
			isa = PBXGroup;
			children = (
				1E333CFF91421E732433A8FD /* Pods_WatchTesterApp.framework */,
				805C5ED2F77A6FA0238F1A36 /* Pods_WatchTesterApp_WatchKit_App.framework */,
				C505DDC9501E7D8707D8DD1A /* Pods_WatchTesterApp_WatchKit_App_WatchTesterApp_WatchKit_AppUITests.framework */,
				06F4C548C8807F3703BC2F00 /* Pods_WatchTesterApp_WatchKit_AppTests.framework */,
				38BB9E6B4911A25C23978BE2 /* Pods_WatchTesterApp_WatchKit_Extension.framework */,
				97C4E92B97E0CA99A2C88CAD /* Pods_WatchTesterApp_WatchTesterAppUITests.framework */,
				5E2573FD7F4051833F94AF72 /* Pods_WatchTesterAppTests.framework */,
			);
			name = Frameworks;
			sourceTree = "<group>";
		};
/* End PBXGroup section */

/* Begin PBXNativeTarget section */
		208389DD2716E19C000ABC6B /* WatchTesterApp */ = {
			isa = PBXNativeTarget;
			buildConfigurationList = 20838A452716E1A0000ABC6B /* Build configuration list for PBXNativeTarget "WatchTesterApp" */;
			buildPhases = (
				24BE9788051B837C817B5CB1 /* [CP] Check Pods Manifest.lock */,
				208389DA2716E19C000ABC6B /* Sources */,
				208389DB2716E19C000ABC6B /* Frameworks */,
				208389DC2716E19C000ABC6B /* Resources */,
				20838A442716E1A0000ABC6B /* Embed Watch Content */,
			);
			buildRules = (
			);
			dependencies = (
				20838A0B2716E19F000ABC6B /* PBXTargetDependency */,
			);
			name = WatchTesterApp;
			productName = WatchTesterApp;
			productReference = 208389DE2716E19C000ABC6B /* WatchTesterApp.app */;
			productType = "com.apple.product-type.application";
		};
		208389F32716E19E000ABC6B /* WatchTesterAppTests */ = {
			isa = PBXNativeTarget;
			buildConfigurationList = 20838A482716E1A0000ABC6B /* Build configuration list for PBXNativeTarget "WatchTesterAppTests" */;
			buildPhases = (
				57491111CE2EF07C1C8A45B4 /* [CP] Check Pods Manifest.lock */,
				208389F02716E19E000ABC6B /* Sources */,
				208389F12716E19E000ABC6B /* Frameworks */,
				208389F22716E19E000ABC6B /* Resources */,
			);
			buildRules = (
			);
			dependencies = (
				208389F62716E19E000ABC6B /* PBXTargetDependency */,
			);
			name = WatchTesterAppTests;
			productName = WatchTesterAppTests;
			productReference = 208389F42716E19E000ABC6B /* WatchTesterAppTests.xctest */;
			productType = "com.apple.product-type.bundle.unit-test";
		};
		208389FE2716E19E000ABC6B /* WatchTesterAppUITests */ = {
			isa = PBXNativeTarget;
			buildConfigurationList = 20838A4B2716E1A0000ABC6B /* Build configuration list for PBXNativeTarget "WatchTesterAppUITests" */;
			buildPhases = (
				5F9DC0092CC54622C4512091 /* [CP] Check Pods Manifest.lock */,
				208389FB2716E19E000ABC6B /* Sources */,
				208389FC2716E19E000ABC6B /* Frameworks */,
				208389FD2716E19E000ABC6B /* Resources */,
			);
			buildRules = (
			);
			dependencies = (
				20838A012716E19E000ABC6B /* PBXTargetDependency */,
			);
			name = WatchTesterAppUITests;
			productName = WatchTesterAppUITests;
			productReference = 208389FF2716E19E000ABC6B /* WatchTesterAppUITests.xctest */;
			productType = "com.apple.product-type.bundle.ui-testing";
		};
		20838A072716E19F000ABC6B /* WatchTesterApp WatchKit App */ = {
			isa = PBXNativeTarget;
			buildConfigurationList = 20838A412716E1A0000ABC6B /* Build configuration list for PBXNativeTarget "WatchTesterApp WatchKit App" */;
			buildPhases = (
				1F395F7ACCE2D58243F8314C /* [CP] Check Pods Manifest.lock */,
				20838A062716E19F000ABC6B /* Resources */,
				20838A402716E1A0000ABC6B /* Embed App Extensions */,
				FABA7C3D491C620DBE348635 /* Frameworks */,
			);
			buildRules = (
			);
			dependencies = (
				20838A1A2716E19F000ABC6B /* PBXTargetDependency */,
			);
			name = "WatchTesterApp WatchKit App";
			productName = "WatchTesterApp WatchKit App";
			productReference = 20838A082716E19F000ABC6B /* WatchTesterApp WatchKit App.app */;
			productType = "com.apple.product-type.application.watchapp2";
		};
		20838A162716E19F000ABC6B /* WatchTesterApp WatchKit Extension */ = {
			isa = PBXNativeTarget;
			buildConfigurationList = 20838A3D2716E1A0000ABC6B /* Build configuration list for PBXNativeTarget "WatchTesterApp WatchKit Extension" */;
			buildPhases = (
				69EF41E6D8397656650A99F4 /* [CP] Check Pods Manifest.lock */,
				20838A132716E19F000ABC6B /* Sources */,
				20838A142716E19F000ABC6B /* Frameworks */,
				20838A152716E19F000ABC6B /* Resources */,
			);
			buildRules = (
			);
			dependencies = (
			);
			name = "WatchTesterApp WatchKit Extension";
			productName = "WatchTesterApp WatchKit Extension";
			productReference = 20838A172716E19F000ABC6B /* WatchTesterApp WatchKit Extension.appex */;
			productType = "com.apple.product-type.watchkit2-extension";
		};
		20838A282716E1A0000ABC6B /* WatchTesterApp WatchKit AppTests */ = {
			isa = PBXNativeTarget;
			buildConfigurationList = 20838A4E2716E1A0000ABC6B /* Build configuration list for PBXNativeTarget "WatchTesterApp WatchKit AppTests" */;
			buildPhases = (
				E09463A75BEE5E8FC4ACB29E /* [CP] Check Pods Manifest.lock */,
				20838A252716E1A0000ABC6B /* Sources */,
				20838A262716E1A0000ABC6B /* Frameworks */,
				20838A272716E1A0000ABC6B /* Resources */,
			);
			buildRules = (
			);
			dependencies = (
				20838A2B2716E1A0000ABC6B /* PBXTargetDependency */,
			);
			name = "WatchTesterApp WatchKit AppTests";
			productName = "WatchTesterApp WatchKit AppTests";
			productReference = 20838A292716E1A0000ABC6B /* WatchTesterApp WatchKit AppTests.xctest */;
			productType = "com.apple.product-type.bundle.unit-test";
		};
		20838A332716E1A0000ABC6B /* WatchTesterApp WatchKit AppUITests */ = {
			isa = PBXNativeTarget;
			buildConfigurationList = 20838A512716E1A0000ABC6B /* Build configuration list for PBXNativeTarget "WatchTesterApp WatchKit AppUITests" */;
			buildPhases = (
				E8BC80632EAF55B14106F477 /* [CP] Check Pods Manifest.lock */,
				20838A302716E1A0000ABC6B /* Sources */,
				20838A312716E1A0000ABC6B /* Frameworks */,
				20838A322716E1A0000ABC6B /* Resources */,
				43F441EC2F68410709F04086 /* [CP] Embed Pods Frameworks */,
			);
			buildRules = (
			);
			dependencies = (
				20838A362716E1A0000ABC6B /* PBXTargetDependency */,
			);
			name = "WatchTesterApp WatchKit AppUITests";
			productName = "WatchTesterApp WatchKit AppUITests";
			productReference = 20838A342716E1A0000ABC6B /* WatchTesterApp WatchKit AppUITests.xctest */;
			productType = "com.apple.product-type.bundle.ui-testing";
		};
/* End PBXNativeTarget section */

/* Begin PBXProject section */
		208389D62716E19C000ABC6B /* Project object */ = {
			isa = PBXProject;
			attributes = {
				LastSwiftUpdateCheck = 1250;
				LastUpgradeCheck = 1250;
				TargetAttributes = {
					208389DD2716E19C000ABC6B = {
						CreatedOnToolsVersion = 12.5.1;
					};
					208389F32716E19E000ABC6B = {
						CreatedOnToolsVersion = 12.5.1;
						TestTargetID = 208389DD2716E19C000ABC6B;
					};
					208389FE2716E19E000ABC6B = {
						CreatedOnToolsVersion = 12.5.1;
						TestTargetID = 208389DD2716E19C000ABC6B;
					};
					20838A072716E19F000ABC6B = {
						CreatedOnToolsVersion = 12.5.1;
					};
					20838A162716E19F000ABC6B = {
						CreatedOnToolsVersion = 12.5.1;
					};
					20838A282716E1A0000ABC6B = {
						CreatedOnToolsVersion = 12.5.1;
						TestTargetID = 20838A162716E19F000ABC6B;
					};
					20838A332716E1A0000ABC6B = {
						CreatedOnToolsVersion = 12.5.1;
						TestTargetID = 20838A072716E19F000ABC6B;
					};
				};
			};
			buildConfigurationList = 208389D92716E19C000ABC6B /* Build configuration list for PBXProject "WatchTesterApp" */;
			compatibilityVersion = "Xcode 9.3";
			developmentRegion = en;
			hasScannedForEncodings = 0;
			knownRegions = (
				en,
				Base,
			);
			mainGroup = 208389D52716E19C000ABC6B;
			productRefGroup = 208389DF2716E19C000ABC6B /* Products */;
			projectDirPath = "";
			projectRoot = "";
			targets = (
				208389DD2716E19C000ABC6B /* WatchTesterApp */,
				208389F32716E19E000ABC6B /* WatchTesterAppTests */,
				208389FE2716E19E000ABC6B /* WatchTesterAppUITests */,
				20838A072716E19F000ABC6B /* WatchTesterApp WatchKit App */,
				20838A162716E19F000ABC6B /* WatchTesterApp WatchKit Extension */,
				20838A282716E1A0000ABC6B /* WatchTesterApp WatchKit AppTests */,
				20838A332716E1A0000ABC6B /* WatchTesterApp WatchKit AppUITests */,
			);
		};
/* End PBXProject section */

/* Begin PBXResourcesBuildPhase section */
		208389DC2716E19C000ABC6B /* Resources */ = {
			isa = PBXResourcesBuildPhase;
			buildActionMask = 2147483647;
			files = (
				208389EE2716E19E000ABC6B /* LaunchScreen.storyboard in Resources */,
				208389EB2716E19E000ABC6B /* Assets.xcassets in Resources */,
				208389E92716E19C000ABC6B /* Main.storyboard in Resources */,
			);
			runOnlyForDeploymentPostprocessing = 0;
		};
		208389F22716E19E000ABC6B /* Resources */ = {
			isa = PBXResourcesBuildPhase;
			buildActionMask = 2147483647;
			files = (
			);
			runOnlyForDeploymentPostprocessing = 0;
		};
		208389FD2716E19E000ABC6B /* Resources */ = {
			isa = PBXResourcesBuildPhase;
			buildActionMask = 2147483647;
			files = (
			);
			runOnlyForDeploymentPostprocessing = 0;
		};
		20838A062716E19F000ABC6B /* Resources */ = {
			isa = PBXResourcesBuildPhase;
			buildActionMask = 2147483647;
			files = (
				20838A112716E19F000ABC6B /* Assets.xcassets in Resources */,
				20838A0F2716E19F000ABC6B /* Interface.storyboard in Resources */,
			);
			runOnlyForDeploymentPostprocessing = 0;
		};
		20838A152716E19F000ABC6B /* Resources */ = {
			isa = PBXResourcesBuildPhase;
			buildActionMask = 2147483647;
			files = (
				20838A232716E1A0000ABC6B /* Assets.xcassets in Resources */,
			);
			runOnlyForDeploymentPostprocessing = 0;
		};
		20838A272716E1A0000ABC6B /* Resources */ = {
			isa = PBXResourcesBuildPhase;
			buildActionMask = 2147483647;
			files = (
			);
			runOnlyForDeploymentPostprocessing = 0;
		};
		20838A322716E1A0000ABC6B /* Resources */ = {
			isa = PBXResourcesBuildPhase;
			buildActionMask = 2147483647;
			files = (
			);
			runOnlyForDeploymentPostprocessing = 0;
		};
/* End PBXResourcesBuildPhase section */

/* Begin PBXShellScriptBuildPhase section */
		1F395F7ACCE2D58243F8314C /* [CP] Check Pods Manifest.lock */ = {
			isa = PBXShellScriptBuildPhase;
			buildActionMask = 2147483647;
			files = (
			);
			inputFileListPaths = (
			);
			inputPaths = (
				"${PODS_PODFILE_DIR_PATH}/Podfile.lock",
				"${PODS_ROOT}/Manifest.lock",
			);
			name = "[CP] Check Pods Manifest.lock";
			outputFileListPaths = (
			);
			outputPaths = (
				"$(DERIVED_FILE_DIR)/Pods-WatchTesterApp WatchKit App-checkManifestLockResult.txt",
			);
			runOnlyForDeploymentPostprocessing = 0;
			shellPath = /bin/sh;
			shellScript = "diff \"${PODS_PODFILE_DIR_PATH}/Podfile.lock\" \"${PODS_ROOT}/Manifest.lock\" > /dev/null\nif [ $? != 0 ] ; then\n    # print error to STDERR\n    echo \"error: The sandbox is not in sync with the Podfile.lock. Run 'pod install' or update your CocoaPods installation.\" >&2\n    exit 1\nfi\n# This output is used by Xcode 'outputs' to avoid re-running this script phase.\necho \"SUCCESS\" > \"${SCRIPT_OUTPUT_FILE_0}\"\n";
			showEnvVarsInLog = 0;
		};
		24BE9788051B837C817B5CB1 /* [CP] Check Pods Manifest.lock */ = {
			isa = PBXShellScriptBuildPhase;
			buildActionMask = 2147483647;
			files = (
			);
			inputFileListPaths = (
			);
			inputPaths = (
				"${PODS_PODFILE_DIR_PATH}/Podfile.lock",
				"${PODS_ROOT}/Manifest.lock",
			);
			name = "[CP] Check Pods Manifest.lock";
			outputFileListPaths = (
			);
			outputPaths = (
				"$(DERIVED_FILE_DIR)/Pods-WatchTesterApp-checkManifestLockResult.txt",
			);
			runOnlyForDeploymentPostprocessing = 0;
			shellPath = /bin/sh;
			shellScript = "diff \"${PODS_PODFILE_DIR_PATH}/Podfile.lock\" \"${PODS_ROOT}/Manifest.lock\" > /dev/null\nif [ $? != 0 ] ; then\n    # print error to STDERR\n    echo \"error: The sandbox is not in sync with the Podfile.lock. Run 'pod install' or update your CocoaPods installation.\" >&2\n    exit 1\nfi\n# This output is used by Xcode 'outputs' to avoid re-running this script phase.\necho \"SUCCESS\" > \"${SCRIPT_OUTPUT_FILE_0}\"\n";
			showEnvVarsInLog = 0;
		};
		43F441EC2F68410709F04086 /* [CP] Embed Pods Frameworks */ = {
			isa = PBXShellScriptBuildPhase;
			buildActionMask = 2147483647;
			files = (
			);
			inputFileListPaths = (
				"${PODS_ROOT}/Target Support Files/Pods-WatchTesterApp WatchKit App-WatchTesterApp WatchKit AppUITests/Pods-WatchTesterApp WatchKit App-WatchTesterApp WatchKit AppUITests-frameworks-${CONFIGURATION}-input-files.xcfilelist",
			);
			name = "[CP] Embed Pods Frameworks";
			outputFileListPaths = (
				"${PODS_ROOT}/Target Support Files/Pods-WatchTesterApp WatchKit App-WatchTesterApp WatchKit AppUITests/Pods-WatchTesterApp WatchKit App-WatchTesterApp WatchKit AppUITests-frameworks-${CONFIGURATION}-output-files.xcfilelist",
			);
			runOnlyForDeploymentPostprocessing = 0;
			shellPath = /bin/sh;
			shellScript = "\"${PODS_ROOT}/Target Support Files/Pods-WatchTesterApp WatchKit App-WatchTesterApp WatchKit AppUITests/Pods-WatchTesterApp WatchKit App-WatchTesterApp WatchKit AppUITests-frameworks.sh\"\n";
			showEnvVarsInLog = 0;
		};
		57491111CE2EF07C1C8A45B4 /* [CP] Check Pods Manifest.lock */ = {
			isa = PBXShellScriptBuildPhase;
			buildActionMask = 2147483647;
			files = (
			);
			inputFileListPaths = (
			);
			inputPaths = (
				"${PODS_PODFILE_DIR_PATH}/Podfile.lock",
				"${PODS_ROOT}/Manifest.lock",
			);
			name = "[CP] Check Pods Manifest.lock";
			outputFileListPaths = (
			);
			outputPaths = (
				"$(DERIVED_FILE_DIR)/Pods-WatchTesterAppTests-checkManifestLockResult.txt",
			);
			runOnlyForDeploymentPostprocessing = 0;
			shellPath = /bin/sh;
			shellScript = "diff \"${PODS_PODFILE_DIR_PATH}/Podfile.lock\" \"${PODS_ROOT}/Manifest.lock\" > /dev/null\nif [ $? != 0 ] ; then\n    # print error to STDERR\n    echo \"error: The sandbox is not in sync with the Podfile.lock. Run 'pod install' or update your CocoaPods installation.\" >&2\n    exit 1\nfi\n# This output is used by Xcode 'outputs' to avoid re-running this script phase.\necho \"SUCCESS\" > \"${SCRIPT_OUTPUT_FILE_0}\"\n";
			showEnvVarsInLog = 0;
		};
		5F9DC0092CC54622C4512091 /* [CP] Check Pods Manifest.lock */ = {
			isa = PBXShellScriptBuildPhase;
			buildActionMask = 2147483647;
			files = (
			);
			inputFileListPaths = (
			);
			inputPaths = (
				"${PODS_PODFILE_DIR_PATH}/Podfile.lock",
				"${PODS_ROOT}/Manifest.lock",
			);
			name = "[CP] Check Pods Manifest.lock";
			outputFileListPaths = (
			);
			outputPaths = (
				"$(DERIVED_FILE_DIR)/Pods-WatchTesterApp-WatchTesterAppUITests-checkManifestLockResult.txt",
			);
			runOnlyForDeploymentPostprocessing = 0;
			shellPath = /bin/sh;
			shellScript = "diff \"${PODS_PODFILE_DIR_PATH}/Podfile.lock\" \"${PODS_ROOT}/Manifest.lock\" > /dev/null\nif [ $? != 0 ] ; then\n    # print error to STDERR\n    echo \"error: The sandbox is not in sync with the Podfile.lock. Run 'pod install' or update your CocoaPods installation.\" >&2\n    exit 1\nfi\n# This output is used by Xcode 'outputs' to avoid re-running this script phase.\necho \"SUCCESS\" > \"${SCRIPT_OUTPUT_FILE_0}\"\n";
			showEnvVarsInLog = 0;
		};
		69EF41E6D8397656650A99F4 /* [CP] Check Pods Manifest.lock */ = {
			isa = PBXShellScriptBuildPhase;
			buildActionMask = 2147483647;
			files = (
			);
			inputFileListPaths = (
			);
			inputPaths = (
				"${PODS_PODFILE_DIR_PATH}/Podfile.lock",
				"${PODS_ROOT}/Manifest.lock",
			);
			name = "[CP] Check Pods Manifest.lock";
			outputFileListPaths = (
			);
			outputPaths = (
				"$(DERIVED_FILE_DIR)/Pods-WatchTesterApp WatchKit Extension-checkManifestLockResult.txt",
			);
			runOnlyForDeploymentPostprocessing = 0;
			shellPath = /bin/sh;
			shellScript = "diff \"${PODS_PODFILE_DIR_PATH}/Podfile.lock\" \"${PODS_ROOT}/Manifest.lock\" > /dev/null\nif [ $? != 0 ] ; then\n    # print error to STDERR\n    echo \"error: The sandbox is not in sync with the Podfile.lock. Run 'pod install' or update your CocoaPods installation.\" >&2\n    exit 1\nfi\n# This output is used by Xcode 'outputs' to avoid re-running this script phase.\necho \"SUCCESS\" > \"${SCRIPT_OUTPUT_FILE_0}\"\n";
			showEnvVarsInLog = 0;
		};
		E09463A75BEE5E8FC4ACB29E /* [CP] Check Pods Manifest.lock */ = {
			isa = PBXShellScriptBuildPhase;
			buildActionMask = 2147483647;
			files = (
			);
			inputFileListPaths = (
			);
			inputPaths = (
				"${PODS_PODFILE_DIR_PATH}/Podfile.lock",
				"${PODS_ROOT}/Manifest.lock",
			);
			name = "[CP] Check Pods Manifest.lock";
			outputFileListPaths = (
			);
			outputPaths = (
				"$(DERIVED_FILE_DIR)/Pods-WatchTesterApp WatchKit AppTests-checkManifestLockResult.txt",
			);
			runOnlyForDeploymentPostprocessing = 0;
			shellPath = /bin/sh;
			shellScript = "diff \"${PODS_PODFILE_DIR_PATH}/Podfile.lock\" \"${PODS_ROOT}/Manifest.lock\" > /dev/null\nif [ $? != 0 ] ; then\n    # print error to STDERR\n    echo \"error: The sandbox is not in sync with the Podfile.lock. Run 'pod install' or update your CocoaPods installation.\" >&2\n    exit 1\nfi\n# This output is used by Xcode 'outputs' to avoid re-running this script phase.\necho \"SUCCESS\" > \"${SCRIPT_OUTPUT_FILE_0}\"\n";
			showEnvVarsInLog = 0;
		};
		E8BC80632EAF55B14106F477 /* [CP] Check Pods Manifest.lock */ = {
			isa = PBXShellScriptBuildPhase;
			buildActionMask = 2147483647;
			files = (
			);
			inputFileListPaths = (
			);
			inputPaths = (
				"${PODS_PODFILE_DIR_PATH}/Podfile.lock",
				"${PODS_ROOT}/Manifest.lock",
			);
			name = "[CP] Check Pods Manifest.lock";
			outputFileListPaths = (
			);
			outputPaths = (
				"$(DERIVED_FILE_DIR)/Pods-WatchTesterApp WatchKit App-WatchTesterApp WatchKit AppUITests-checkManifestLockResult.txt",
			);
			runOnlyForDeploymentPostprocessing = 0;
			shellPath = /bin/sh;
			shellScript = "diff \"${PODS_PODFILE_DIR_PATH}/Podfile.lock\" \"${PODS_ROOT}/Manifest.lock\" > /dev/null\nif [ $? != 0 ] ; then\n    # print error to STDERR\n    echo \"error: The sandbox is not in sync with the Podfile.lock. Run 'pod install' or update your CocoaPods installation.\" >&2\n    exit 1\nfi\n# This output is used by Xcode 'outputs' to avoid re-running this script phase.\necho \"SUCCESS\" > \"${SCRIPT_OUTPUT_FILE_0}\"\n";
			showEnvVarsInLog = 0;
		};
/* End PBXShellScriptBuildPhase section */

/* Begin PBXSourcesBuildPhase section */
		208389DA2716E19C000ABC6B /* Sources */ = {
			isa = PBXSourcesBuildPhase;
			buildActionMask = 2147483647;
			files = (
				208389E62716E19C000ABC6B /* ViewController.swift in Sources */,
				208389E22716E19C000ABC6B /* AppDelegate.swift in Sources */,
				208389E42716E19C000ABC6B /* SceneDelegate.swift in Sources */,
			);
			runOnlyForDeploymentPostprocessing = 0;
		};
		208389F02716E19E000ABC6B /* Sources */ = {
			isa = PBXSourcesBuildPhase;
			buildActionMask = 2147483647;
			files = (
				208389F92716E19E000ABC6B /* WatchTesterAppTests.swift in Sources */,
			);
			runOnlyForDeploymentPostprocessing = 0;
		};
		208389FB2716E19E000ABC6B /* Sources */ = {
			isa = PBXSourcesBuildPhase;
			buildActionMask = 2147483647;
			files = (
				20838A042716E19F000ABC6B /* WatchTesterAppUITests.swift in Sources */,
			);
			runOnlyForDeploymentPostprocessing = 0;
		};
		20838A132716E19F000ABC6B /* Sources */ = {
			isa = PBXSourcesBuildPhase;
			buildActionMask = 2147483647;
			files = (
				20838A1F2716E19F000ABC6B /* ExtensionDelegate.swift in Sources */,
				20838A552716E765000ABC6B /* TestInterfaceController.swift in Sources */,
				20838A1D2716E19F000ABC6B /* InterfaceController.swift in Sources */,
				20838A212716E19F000ABC6B /* ComplicationController.swift in Sources */,
			);
			runOnlyForDeploymentPostprocessing = 0;
		};
		20838A252716E1A0000ABC6B /* Sources */ = {
			isa = PBXSourcesBuildPhase;
			buildActionMask = 2147483647;
			files = (
				20838A2E2716E1A0000ABC6B /* WatchTesterApp_WatchKit_AppTests.swift in Sources */,
			);
			runOnlyForDeploymentPostprocessing = 0;
		};
		20838A302716E1A0000ABC6B /* Sources */ = {
			isa = PBXSourcesBuildPhase;
			buildActionMask = 2147483647;
			files = (
				20838A392716E1A0000ABC6B /* WatchTesterApp_WatchKit_AppUITests.swift in Sources */,
			);
			runOnlyForDeploymentPostprocessing = 0;
		};
/* End PBXSourcesBuildPhase section */

/* Begin PBXTargetDependency section */
		208389F62716E19E000ABC6B /* PBXTargetDependency */ = {
			isa = PBXTargetDependency;
			target = 208389DD2716E19C000ABC6B /* WatchTesterApp */;
			targetProxy = 208389F52716E19E000ABC6B /* PBXContainerItemProxy */;
		};
		20838A012716E19E000ABC6B /* PBXTargetDependency */ = {
			isa = PBXTargetDependency;
			target = 208389DD2716E19C000ABC6B /* WatchTesterApp */;
			targetProxy = 20838A002716E19E000ABC6B /* PBXContainerItemProxy */;
		};
		20838A0B2716E19F000ABC6B /* PBXTargetDependency */ = {
			isa = PBXTargetDependency;
			target = 20838A072716E19F000ABC6B /* WatchTesterApp WatchKit App */;
			targetProxy = 20838A0A2716E19F000ABC6B /* PBXContainerItemProxy */;
		};
		20838A1A2716E19F000ABC6B /* PBXTargetDependency */ = {
			isa = PBXTargetDependency;
			target = 20838A162716E19F000ABC6B /* WatchTesterApp WatchKit Extension */;
			targetProxy = 20838A192716E19F000ABC6B /* PBXContainerItemProxy */;
		};
		20838A2B2716E1A0000ABC6B /* PBXTargetDependency */ = {
			isa = PBXTargetDependency;
			target = 20838A162716E19F000ABC6B /* WatchTesterApp WatchKit Extension */;
			targetProxy = 20838A2A2716E1A0000ABC6B /* PBXContainerItemProxy */;
		};
		20838A362716E1A0000ABC6B /* PBXTargetDependency */ = {
			isa = PBXTargetDependency;
			target = 20838A072716E19F000ABC6B /* WatchTesterApp WatchKit App */;
			targetProxy = 20838A352716E1A0000ABC6B /* PBXContainerItemProxy */;
		};
/* End PBXTargetDependency section */

/* Begin PBXVariantGroup section */
		208389E72716E19C000ABC6B /* Main.storyboard */ = {
			isa = PBXVariantGroup;
			children = (
				208389E82716E19C000ABC6B /* Base */,
			);
			name = Main.storyboard;
			sourceTree = "<group>";
		};
		208389EC2716E19E000ABC6B /* LaunchScreen.storyboard */ = {
			isa = PBXVariantGroup;
			children = (
				208389ED2716E19E000ABC6B /* Base */,
			);
			name = LaunchScreen.storyboard;
			sourceTree = "<group>";
		};
		20838A0D2716E19F000ABC6B /* Interface.storyboard */ = {
			isa = PBXVariantGroup;
			children = (
				20838A0E2716E19F000ABC6B /* Base */,
			);
			name = Interface.storyboard;
			sourceTree = "<group>";
		};
/* End PBXVariantGroup section */

/* Begin XCBuildConfiguration section */
		20838A3B2716E1A0000ABC6B /* Debug */ = {
			isa = XCBuildConfiguration;
			buildSettings = {
				ALWAYS_SEARCH_USER_PATHS = NO;
				CLANG_ANALYZER_NONNULL = YES;
				CLANG_ANALYZER_NUMBER_OBJECT_CONVERSION = YES_AGGRESSIVE;
				CLANG_CXX_LANGUAGE_STANDARD = "gnu++14";
				CLANG_CXX_LIBRARY = "libc++";
				CLANG_ENABLE_MODULES = YES;
				CLANG_ENABLE_OBJC_ARC = YES;
				CLANG_ENABLE_OBJC_WEAK = YES;
				CLANG_WARN_BLOCK_CAPTURE_AUTORELEASING = YES;
				CLANG_WARN_BOOL_CONVERSION = YES;
				CLANG_WARN_COMMA = YES;
				CLANG_WARN_CONSTANT_CONVERSION = YES;
				CLANG_WARN_DEPRECATED_OBJC_IMPLEMENTATIONS = YES;
				CLANG_WARN_DIRECT_OBJC_ISA_USAGE = YES_ERROR;
				CLANG_WARN_DOCUMENTATION_COMMENTS = YES;
				CLANG_WARN_EMPTY_BODY = YES;
				CLANG_WARN_ENUM_CONVERSION = YES;
				CLANG_WARN_INFINITE_RECURSION = YES;
				CLANG_WARN_INT_CONVERSION = YES;
				CLANG_WARN_NON_LITERAL_NULL_CONVERSION = YES;
				CLANG_WARN_OBJC_IMPLICIT_RETAIN_SELF = YES;
				CLANG_WARN_OBJC_LITERAL_CONVERSION = YES;
				CLANG_WARN_OBJC_ROOT_CLASS = YES_ERROR;
				CLANG_WARN_QUOTED_INCLUDE_IN_FRAMEWORK_HEADER = YES;
				CLANG_WARN_RANGE_LOOP_ANALYSIS = YES;
				CLANG_WARN_STRICT_PROTOTYPES = YES;
				CLANG_WARN_SUSPICIOUS_MOVE = YES;
				CLANG_WARN_UNGUARDED_AVAILABILITY = YES_AGGRESSIVE;
				CLANG_WARN_UNREACHABLE_CODE = YES;
				CLANG_WARN__DUPLICATE_METHOD_MATCH = YES;
				COPY_PHASE_STRIP = NO;
				DEBUG_INFORMATION_FORMAT = dwarf;
				ENABLE_STRICT_OBJC_MSGSEND = YES;
				ENABLE_TESTABILITY = YES;
				GCC_C_LANGUAGE_STANDARD = gnu11;
				GCC_DYNAMIC_NO_PIC = NO;
				GCC_NO_COMMON_BLOCKS = YES;
				GCC_OPTIMIZATION_LEVEL = 0;
				GCC_PREPROCESSOR_DEFINITIONS = (
					"DEBUG=1",
					"$(inherited)",
				);
				GCC_WARN_64_TO_32_BIT_CONVERSION = YES;
				GCC_WARN_ABOUT_RETURN_TYPE = YES_ERROR;
				GCC_WARN_UNDECLARED_SELECTOR = YES;
				GCC_WARN_UNINITIALIZED_AUTOS = YES_AGGRESSIVE;
				GCC_WARN_UNUSED_FUNCTION = YES;
				GCC_WARN_UNUSED_VARIABLE = YES;
				MTL_ENABLE_DEBUG_INFO = INCLUDE_SOURCE;
				MTL_FAST_MATH = YES;
				ONLY_ACTIVE_ARCH = YES;
				SWIFT_ACTIVE_COMPILATION_CONDITIONS = DEBUG;
				SWIFT_OPTIMIZATION_LEVEL = "-Onone";
			};
			name = Debug;
		};
		20838A3C2716E1A0000ABC6B /* Release */ = {
			isa = XCBuildConfiguration;
			buildSettings = {
				ALWAYS_SEARCH_USER_PATHS = NO;
				CLANG_ANALYZER_NONNULL = YES;
				CLANG_ANALYZER_NUMBER_OBJECT_CONVERSION = YES_AGGRESSIVE;
				CLANG_CXX_LANGUAGE_STANDARD = "gnu++14";
				CLANG_CXX_LIBRARY = "libc++";
				CLANG_ENABLE_MODULES = YES;
				CLANG_ENABLE_OBJC_ARC = YES;
				CLANG_ENABLE_OBJC_WEAK = YES;
				CLANG_WARN_BLOCK_CAPTURE_AUTORELEASING = YES;
				CLANG_WARN_BOOL_CONVERSION = YES;
				CLANG_WARN_COMMA = YES;
				CLANG_WARN_CONSTANT_CONVERSION = YES;
				CLANG_WARN_DEPRECATED_OBJC_IMPLEMENTATIONS = YES;
				CLANG_WARN_DIRECT_OBJC_ISA_USAGE = YES_ERROR;
				CLANG_WARN_DOCUMENTATION_COMMENTS = YES;
				CLANG_WARN_EMPTY_BODY = YES;
				CLANG_WARN_ENUM_CONVERSION = YES;
				CLANG_WARN_INFINITE_RECURSION = YES;
				CLANG_WARN_INT_CONVERSION = YES;
				CLANG_WARN_NON_LITERAL_NULL_CONVERSION = YES;
				CLANG_WARN_OBJC_IMPLICIT_RETAIN_SELF = YES;
				CLANG_WARN_OBJC_LITERAL_CONVERSION = YES;
				CLANG_WARN_OBJC_ROOT_CLASS = YES_ERROR;
				CLANG_WARN_QUOTED_INCLUDE_IN_FRAMEWORK_HEADER = YES;
				CLANG_WARN_RANGE_LOOP_ANALYSIS = YES;
				CLANG_WARN_STRICT_PROTOTYPES = YES;
				CLANG_WARN_SUSPICIOUS_MOVE = YES;
				CLANG_WARN_UNGUARDED_AVAILABILITY = YES_AGGRESSIVE;
				CLANG_WARN_UNREACHABLE_CODE = YES;
				CLANG_WARN__DUPLICATE_METHOD_MATCH = YES;
				COPY_PHASE_STRIP = NO;
				DEBUG_INFORMATION_FORMAT = "dwarf-with-dsym";
				ENABLE_NS_ASSERTIONS = NO;
				ENABLE_STRICT_OBJC_MSGSEND = YES;
				GCC_C_LANGUAGE_STANDARD = gnu11;
				GCC_NO_COMMON_BLOCKS = YES;
				GCC_WARN_64_TO_32_BIT_CONVERSION = YES;
				GCC_WARN_ABOUT_RETURN_TYPE = YES_ERROR;
				GCC_WARN_UNDECLARED_SELECTOR = YES;
				GCC_WARN_UNINITIALIZED_AUTOS = YES_AGGRESSIVE;
				GCC_WARN_UNUSED_FUNCTION = YES;
				GCC_WARN_UNUSED_VARIABLE = YES;
				MTL_ENABLE_DEBUG_INFO = NO;
				MTL_FAST_MATH = YES;
				SWIFT_COMPILATION_MODE = wholemodule;
				SWIFT_OPTIMIZATION_LEVEL = "-O";
			};
			name = Release;
		};
		20838A3E2716E1A0000ABC6B /* Debug */ = {
			isa = XCBuildConfiguration;
			baseConfigurationReference = BEC4E715405610892C56016F /* Pods-WatchTesterApp WatchKit Extension.debug.xcconfig */;
			buildSettings = {
				ASSETCATALOG_COMPILER_COMPLICATION_NAME = Complication;
				CODE_SIGN_STYLE = Automatic;
				INFOPLIST_FILE = "WatchTesterApp WatchKit Extension/Info.plist";
				LD_RUNPATH_SEARCH_PATHS = (
					"$(inherited)",
					"@executable_path/Frameworks",
					"@executable_path/../../Frameworks",
				);
				PRODUCT_BUNDLE_IDENTIFIER = com.zhannamoskaliuk.WatchTesterApp.watchkitapp.watchkitextension;
				PRODUCT_NAME = "${TARGET_NAME}";
				SDKROOT = watchos;
				SKIP_INSTALL = YES;
				SWIFT_VERSION = 5.0;
				TARGETED_DEVICE_FAMILY = 4;
				WATCHOS_DEPLOYMENT_TARGET = 7.4;
			};
			name = Debug;
		};
		20838A3F2716E1A0000ABC6B /* Release */ = {
			isa = XCBuildConfiguration;
			baseConfigurationReference = 0E5AC7D886400EAB4643014F /* Pods-WatchTesterApp WatchKit Extension.release.xcconfig */;
			buildSettings = {
				ASSETCATALOG_COMPILER_COMPLICATION_NAME = Complication;
				CODE_SIGN_STYLE = Automatic;
				INFOPLIST_FILE = "WatchTesterApp WatchKit Extension/Info.plist";
				LD_RUNPATH_SEARCH_PATHS = (
					"$(inherited)",
					"@executable_path/Frameworks",
					"@executable_path/../../Frameworks",
				);
				PRODUCT_BUNDLE_IDENTIFIER = com.zhannamoskaliuk.WatchTesterApp.watchkitapp.watchkitextension;
				PRODUCT_NAME = "${TARGET_NAME}";
				SDKROOT = watchos;
				SKIP_INSTALL = YES;
				SWIFT_VERSION = 5.0;
				TARGETED_DEVICE_FAMILY = 4;
				VALIDATE_PRODUCT = YES;
				WATCHOS_DEPLOYMENT_TARGET = 7.4;
			};
			name = Release;
		};
		20838A422716E1A0000ABC6B /* Debug */ = {
			isa = XCBuildConfiguration;
			baseConfigurationReference = B421DAEE0AABFD2294EF891F /* Pods-WatchTesterApp WatchKit App.debug.xcconfig */;
			buildSettings = {
				ALWAYS_EMBED_SWIFT_STANDARD_LIBRARIES = YES;
				ASSETCATALOG_COMPILER_APPICON_NAME = AppIcon;
				ASSETCATALOG_COMPILER_GLOBAL_ACCENT_COLOR_NAME = AccentColor;
				CODE_SIGN_STYLE = Automatic;
				IBSC_MODULE = WatchTesterApp_WatchKit_Extension;
				INFOPLIST_FILE = "WatchTesterApp WatchKit App/Info.plist";
				PRODUCT_BUNDLE_IDENTIFIER = com.zhannamoskaliuk.WatchTesterApp.watchkitapp;
				PRODUCT_NAME = "$(TARGET_NAME)";
				SDKROOT = watchos;
				SKIP_INSTALL = YES;
				SWIFT_VERSION = 5.0;
				TARGETED_DEVICE_FAMILY = 4;
				WATCHOS_DEPLOYMENT_TARGET = 7.4;
			};
			name = Debug;
		};
		20838A432716E1A0000ABC6B /* Release */ = {
			isa = XCBuildConfiguration;
			baseConfigurationReference = F427C775377CBE1DCEF9AEB8 /* Pods-WatchTesterApp WatchKit App.release.xcconfig */;
			buildSettings = {
				ALWAYS_EMBED_SWIFT_STANDARD_LIBRARIES = YES;
				ASSETCATALOG_COMPILER_APPICON_NAME = AppIcon;
				ASSETCATALOG_COMPILER_GLOBAL_ACCENT_COLOR_NAME = AccentColor;
				CODE_SIGN_STYLE = Automatic;
				IBSC_MODULE = WatchTesterApp_WatchKit_Extension;
				INFOPLIST_FILE = "WatchTesterApp WatchKit App/Info.plist";
				PRODUCT_BUNDLE_IDENTIFIER = com.zhannamoskaliuk.WatchTesterApp.watchkitapp;
				PRODUCT_NAME = "$(TARGET_NAME)";
				SDKROOT = watchos;
				SKIP_INSTALL = YES;
				SWIFT_VERSION = 5.0;
				TARGETED_DEVICE_FAMILY = 4;
				VALIDATE_PRODUCT = YES;
				WATCHOS_DEPLOYMENT_TARGET = 7.4;
			};
			name = Release;
		};
		20838A462716E1A0000ABC6B /* Debug */ = {
			isa = XCBuildConfiguration;
			baseConfigurationReference = 1FBA83C0BA62EC91A665587C /* Pods-WatchTesterApp.debug.xcconfig */;
			buildSettings = {
				ASSETCATALOG_COMPILER_APPICON_NAME = AppIcon;
				ASSETCATALOG_COMPILER_GLOBAL_ACCENT_COLOR_NAME = AccentColor;
				CODE_SIGN_STYLE = Automatic;
				INFOPLIST_FILE = WatchTesterApp/Info.plist;
				IPHONEOS_DEPLOYMENT_TARGET = 14.5;
				LD_RUNPATH_SEARCH_PATHS = (
					"$(inherited)",
					"@executable_path/Frameworks",
				);
				PRODUCT_BUNDLE_IDENTIFIER = com.zhannamoskaliuk.WatchTesterApp;
				PRODUCT_NAME = "$(TARGET_NAME)";
				SDKROOT = iphoneos;
				SWIFT_VERSION = 5.0;
				TARGETED_DEVICE_FAMILY = "1,2";
			};
			name = Debug;
		};
		20838A472716E1A0000ABC6B /* Release */ = {
			isa = XCBuildConfiguration;
			baseConfigurationReference = 9E11D5A176C8FBDEA1FABF5A /* Pods-WatchTesterApp.release.xcconfig */;
			buildSettings = {
				ASSETCATALOG_COMPILER_APPICON_NAME = AppIcon;
				ASSETCATALOG_COMPILER_GLOBAL_ACCENT_COLOR_NAME = AccentColor;
				CODE_SIGN_STYLE = Automatic;
				INFOPLIST_FILE = WatchTesterApp/Info.plist;
				IPHONEOS_DEPLOYMENT_TARGET = 14.5;
				LD_RUNPATH_SEARCH_PATHS = (
					"$(inherited)",
					"@executable_path/Frameworks",
				);
				PRODUCT_BUNDLE_IDENTIFIER = com.zhannamoskaliuk.WatchTesterApp;
				PRODUCT_NAME = "$(TARGET_NAME)";
				SDKROOT = iphoneos;
				SWIFT_VERSION = 5.0;
				TARGETED_DEVICE_FAMILY = "1,2";
				VALIDATE_PRODUCT = YES;
			};
			name = Release;
		};
		20838A492716E1A0000ABC6B /* Debug */ = {
			isa = XCBuildConfiguration;
			baseConfigurationReference = ACE249C6CF9FE7D811F058E6 /* Pods-WatchTesterAppTests.debug.xcconfig */;
			buildSettings = {
				ALWAYS_EMBED_SWIFT_STANDARD_LIBRARIES = YES;
				BUNDLE_LOADER = "$(TEST_HOST)";
				CODE_SIGN_STYLE = Automatic;
				INFOPLIST_FILE = WatchTesterAppTests/Info.plist;
				IPHONEOS_DEPLOYMENT_TARGET = 14.5;
				LD_RUNPATH_SEARCH_PATHS = (
					"$(inherited)",
					"@executable_path/Frameworks",
					"@loader_path/Frameworks",
				);
				PRODUCT_BUNDLE_IDENTIFIER = com.zhannamoskaliuk.WatchTesterAppTests;
				PRODUCT_NAME = "$(TARGET_NAME)";
				SDKROOT = iphoneos;
				SWIFT_VERSION = 5.0;
				TARGETED_DEVICE_FAMILY = "1,2";
				TEST_HOST = "$(BUILT_PRODUCTS_DIR)/WatchTesterApp.app/WatchTesterApp";
			};
			name = Debug;
		};
		20838A4A2716E1A0000ABC6B /* Release */ = {
			isa = XCBuildConfiguration;
			baseConfigurationReference = D65C8D882F15E9A2C5AE2BC0 /* Pods-WatchTesterAppTests.release.xcconfig */;
			buildSettings = {
				ALWAYS_EMBED_SWIFT_STANDARD_LIBRARIES = YES;
				BUNDLE_LOADER = "$(TEST_HOST)";
				CODE_SIGN_STYLE = Automatic;
				INFOPLIST_FILE = WatchTesterAppTests/Info.plist;
				IPHONEOS_DEPLOYMENT_TARGET = 14.5;
				LD_RUNPATH_SEARCH_PATHS = (
					"$(inherited)",
					"@executable_path/Frameworks",
					"@loader_path/Frameworks",
				);
				PRODUCT_BUNDLE_IDENTIFIER = com.zhannamoskaliuk.WatchTesterAppTests;
				PRODUCT_NAME = "$(TARGET_NAME)";
				SDKROOT = iphoneos;
				SWIFT_VERSION = 5.0;
				TARGETED_DEVICE_FAMILY = "1,2";
				TEST_HOST = "$(BUILT_PRODUCTS_DIR)/WatchTesterApp.app/WatchTesterApp";
				VALIDATE_PRODUCT = YES;
			};
			name = Release;
		};
		20838A4C2716E1A0000ABC6B /* Debug */ = {
			isa = XCBuildConfiguration;
			baseConfigurationReference = 804BFC7B88782F629DA8E1EE /* Pods-WatchTesterApp-WatchTesterAppUITests.debug.xcconfig */;
			buildSettings = {
				ALWAYS_EMBED_SWIFT_STANDARD_LIBRARIES = YES;
				CODE_SIGN_STYLE = Automatic;
				INFOPLIST_FILE = WatchTesterAppUITests/Info.plist;
				IPHONEOS_DEPLOYMENT_TARGET = 14.5;
				LD_RUNPATH_SEARCH_PATHS = (
					"$(inherited)",
					"@executable_path/Frameworks",
					"@loader_path/Frameworks",
				);
				PRODUCT_BUNDLE_IDENTIFIER = com.zhannamoskaliuk.WatchTesterAppUITests;
				PRODUCT_NAME = "$(TARGET_NAME)";
				SDKROOT = iphoneos;
				SWIFT_VERSION = 5.0;
				TARGETED_DEVICE_FAMILY = "1,2";
				TEST_TARGET_NAME = WatchTesterApp;
			};
			name = Debug;
		};
		20838A4D2716E1A0000ABC6B /* Release */ = {
			isa = XCBuildConfiguration;
			baseConfigurationReference = 634944DEC9EA27B06876E85D /* Pods-WatchTesterApp-WatchTesterAppUITests.release.xcconfig */;
			buildSettings = {
				ALWAYS_EMBED_SWIFT_STANDARD_LIBRARIES = YES;
				CODE_SIGN_STYLE = Automatic;
				INFOPLIST_FILE = WatchTesterAppUITests/Info.plist;
				IPHONEOS_DEPLOYMENT_TARGET = 14.5;
				LD_RUNPATH_SEARCH_PATHS = (
					"$(inherited)",
					"@executable_path/Frameworks",
					"@loader_path/Frameworks",
				);
				PRODUCT_BUNDLE_IDENTIFIER = com.zhannamoskaliuk.WatchTesterAppUITests;
				PRODUCT_NAME = "$(TARGET_NAME)";
				SDKROOT = iphoneos;
				SWIFT_VERSION = 5.0;
				TARGETED_DEVICE_FAMILY = "1,2";
				TEST_TARGET_NAME = WatchTesterApp;
				VALIDATE_PRODUCT = YES;
			};
			name = Release;
		};
		20838A4F2716E1A0000ABC6B /* Debug */ = {
			isa = XCBuildConfiguration;
			baseConfigurationReference = A1768BBA9249563B1E3B70F0 /* Pods-WatchTesterApp WatchKit AppTests.debug.xcconfig */;
			buildSettings = {
				ALWAYS_EMBED_SWIFT_STANDARD_LIBRARIES = YES;
				BUNDLE_LOADER = "$(TEST_HOST)";
				CODE_SIGN_STYLE = Automatic;
				INFOPLIST_FILE = "WatchTesterApp WatchKit AppTests/Info.plist";
				LD_RUNPATH_SEARCH_PATHS = (
					"$(inherited)",
					"@executable_path/Frameworks",
					"@loader_path/Frameworks",
				);
				PRODUCT_BUNDLE_IDENTIFIER = "com.zhannamoskaliuk.WatchTesterApp-WatchKit-AppTests";
				PRODUCT_NAME = "$(TARGET_NAME)";
				SDKROOT = watchos;
				SWIFT_VERSION = 5.0;
				TARGETED_DEVICE_FAMILY = 4;
				TEST_HOST = "$(BUILT_PRODUCTS_DIR)/WatchTesterApp WatchKit Extension.appex/WatchTesterApp WatchKit Extension";
				WATCHOS_DEPLOYMENT_TARGET = 7.4;
			};
			name = Debug;
		};
		20838A502716E1A0000ABC6B /* Release */ = {
			isa = XCBuildConfiguration;
			baseConfigurationReference = 445B623CAED38336E1C7F1D6 /* Pods-WatchTesterApp WatchKit AppTests.release.xcconfig */;
			buildSettings = {
				ALWAYS_EMBED_SWIFT_STANDARD_LIBRARIES = YES;
				BUNDLE_LOADER = "$(TEST_HOST)";
				CODE_SIGN_STYLE = Automatic;
				INFOPLIST_FILE = "WatchTesterApp WatchKit AppTests/Info.plist";
				LD_RUNPATH_SEARCH_PATHS = (
					"$(inherited)",
					"@executable_path/Frameworks",
					"@loader_path/Frameworks",
				);
				PRODUCT_BUNDLE_IDENTIFIER = "com.zhannamoskaliuk.WatchTesterApp-WatchKit-AppTests";
				PRODUCT_NAME = "$(TARGET_NAME)";
				SDKROOT = watchos;
				SWIFT_VERSION = 5.0;
				TARGETED_DEVICE_FAMILY = 4;
				TEST_HOST = "$(BUILT_PRODUCTS_DIR)/WatchTesterApp WatchKit Extension.appex/WatchTesterApp WatchKit Extension";
				VALIDATE_PRODUCT = YES;
				WATCHOS_DEPLOYMENT_TARGET = 7.4;
			};
			name = Release;
		};
		20838A522716E1A0000ABC6B /* Debug */ = {
			isa = XCBuildConfiguration;
			baseConfigurationReference = 6BDA154418FA37BD1C88FBDB /* Pods-WatchTesterApp WatchKit App-WatchTesterApp WatchKit AppUITests.debug.xcconfig */;
			buildSettings = {
				CODE_SIGN_STYLE = Automatic;
				INFOPLIST_FILE = "WatchTesterApp WatchKit AppUITests/Info.plist";
				LD_RUNPATH_SEARCH_PATHS = (
					"$(inherited)",
					"@executable_path/Frameworks",
					"@loader_path/Frameworks",
				);
				PRODUCT_BUNDLE_IDENTIFIER = "com.zhannamoskaliuk.WatchTesterApp-WatchKit-AppUITests";
				PRODUCT_NAME = "$(TARGET_NAME)";
				SDKROOT = watchos;
				SWIFT_VERSION = 5.0;
				TARGETED_DEVICE_FAMILY = 4;
				TEST_TARGET_NAME = "WatchTesterApp WatchKit App";
				WATCHOS_DEPLOYMENT_TARGET = 7.4;
			};
			name = Debug;
		};
		20838A532716E1A0000ABC6B /* Release */ = {
			isa = XCBuildConfiguration;
			baseConfigurationReference = 0FF27ADF0205932236B8AFD2 /* Pods-WatchTesterApp WatchKit App-WatchTesterApp WatchKit AppUITests.release.xcconfig */;
			buildSettings = {
				CODE_SIGN_STYLE = Automatic;
				INFOPLIST_FILE = "WatchTesterApp WatchKit AppUITests/Info.plist";
				LD_RUNPATH_SEARCH_PATHS = (
					"$(inherited)",
					"@executable_path/Frameworks",
					"@loader_path/Frameworks",
				);
				PRODUCT_BUNDLE_IDENTIFIER = "com.zhannamoskaliuk.WatchTesterApp-WatchKit-AppUITests";
				PRODUCT_NAME = "$(TARGET_NAME)";
				SDKROOT = watchos;
				SWIFT_VERSION = 5.0;
				TARGETED_DEVICE_FAMILY = 4;
				TEST_TARGET_NAME = "WatchTesterApp WatchKit App";
				VALIDATE_PRODUCT = YES;
				WATCHOS_DEPLOYMENT_TARGET = 7.4;
			};
			name = Release;
		};
/* End XCBuildConfiguration section */

/* Begin XCConfigurationList section */
		208389D92716E19C000ABC6B /* Build configuration list for PBXProject "WatchTesterApp" */ = {
			isa = XCConfigurationList;
			buildConfigurations = (
				20838A3B2716E1A0000ABC6B /* Debug */,
				20838A3C2716E1A0000ABC6B /* Release */,
			);
			defaultConfigurationIsVisible = 0;
			defaultConfigurationName = Release;
		};
		20838A3D2716E1A0000ABC6B /* Build configuration list for PBXNativeTarget "WatchTesterApp WatchKit Extension" */ = {
			isa = XCConfigurationList;
			buildConfigurations = (
				20838A3E2716E1A0000ABC6B /* Debug */,
				20838A3F2716E1A0000ABC6B /* Release */,
			);
			defaultConfigurationIsVisible = 0;
			defaultConfigurationName = Release;
		};
		20838A412716E1A0000ABC6B /* Build configuration list for PBXNativeTarget "WatchTesterApp WatchKit App" */ = {
			isa = XCConfigurationList;
			buildConfigurations = (
				20838A422716E1A0000ABC6B /* Debug */,
				20838A432716E1A0000ABC6B /* Release */,
			);
			defaultConfigurationIsVisible = 0;
			defaultConfigurationName = Release;
		};
		20838A452716E1A0000ABC6B /* Build configuration list for PBXNativeTarget "WatchTesterApp" */ = {
			isa = XCConfigurationList;
			buildConfigurations = (
				20838A462716E1A0000ABC6B /* Debug */,
				20838A472716E1A0000ABC6B /* Release */,
			);
			defaultConfigurationIsVisible = 0;
			defaultConfigurationName = Release;
		};
		20838A482716E1A0000ABC6B /* Build configuration list for PBXNativeTarget "WatchTesterAppTests" */ = {
			isa = XCConfigurationList;
			buildConfigurations = (
				20838A492716E1A0000ABC6B /* Debug */,
				20838A4A2716E1A0000ABC6B /* Release */,
			);
			defaultConfigurationIsVisible = 0;
			defaultConfigurationName = Release;
		};
		20838A4B2716E1A0000ABC6B /* Build configuration list for PBXNativeTarget "WatchTesterAppUITests" */ = {
			isa = XCConfigurationList;
			buildConfigurations = (
				20838A4C2716E1A0000ABC6B /* Debug */,
				20838A4D2716E1A0000ABC6B /* Release */,
			);
			defaultConfigurationIsVisible = 0;
			defaultConfigurationName = Release;
		};
		20838A4E2716E1A0000ABC6B /* Build configuration list for PBXNativeTarget "WatchTesterApp WatchKit AppTests" */ = {
			isa = XCConfigurationList;
			buildConfigurations = (
				20838A4F2716E1A0000ABC6B /* Debug */,
				20838A502716E1A0000ABC6B /* Release */,
			);
			defaultConfigurationIsVisible = 0;
			defaultConfigurationName = Release;
		};
		20838A512716E1A0000ABC6B /* Build configuration list for PBXNativeTarget "WatchTesterApp WatchKit AppUITests" */ = {
			isa = XCConfigurationList;
			buildConfigurations = (
				20838A522716E1A0000ABC6B /* Debug */,
				20838A532716E1A0000ABC6B /* Release */,
			);
			defaultConfigurationIsVisible = 0;
			defaultConfigurationName = Release;
		};
/* End XCConfigurationList section */
	};
	rootObject = 208389D62716E19C000ABC6B /* Project object */;
}
