// !$*UTF8*$!
{
	archiveVersion = 1;
	classes = {
	};
	objectVersion = 50;
	objects = {

/* Begin PBXBuildFile section */
		20837689271986DB0044457A /* ViewController.swift in Sources */ = {isa = PBXBuildFile; fileRef = 20837688271986DB0044457A /* ViewController.swift */; };
		2083768B271987020044457A /* Main.storyboard in Resources */ = {isa = PBXBuildFile; fileRef = 2083768A271987020044457A /* Main.storyboard */; };
		2083768D271987C40044457A /* Interface.storyboard in Resources */ = {isa = PBXBuildFile; fileRef = 2083768C271987C40044457A /* Interface.storyboard */; };
		2083768F271987D70044457A /* Assets.xcassets in Resources */ = {isa = PBXBuildFile; fileRef = 2083768E271987D70044457A /* Assets.xcassets */; };
		20837691271988C70044457A /* InterfaceController.swift in Sources */ = {isa = PBXBuildFile; fileRef = 20837690271988C70044457A /* InterfaceController.swift */; };
		208376942719943D0044457A /* Events.json in Resources */ = {isa = PBXBuildFile; fileRef = 208376922719943D0044457A /* Events.json */; };
		208376952719943D0044457A /* Event.swift in Sources */ = {isa = PBXBuildFile; fileRef = 208376932719943D0044457A /* Event.swift */; };
		208376982719946A0044457A /* Assets.xcassets in Resources */ = {isa = PBXBuildFile; fileRef = 208376972719946A0044457A /* Assets.xcassets */; };
		2083769C2719969B0044457A /* EventTableInterfaceController.swift in Sources */ = {isa = PBXBuildFile; fileRef = 208376992719969B0044457A /* EventTableInterfaceController.swift */; };
		2083769D2719969B0044457A /* AWEventRowController.swift in Sources */ = {isa = PBXBuildFile; fileRef = 2083769A2719969B0044457A /* AWEventRowController.swift */; };
		2083769E2719969B0044457A /* EventInterfaceController.swift in Sources */ = {isa = PBXBuildFile; fileRef = 2083769B2719969B0044457A /* EventInterfaceController.swift */; };
		208389E22716E19C000ABC6B /* AppDelegate.swift in Sources */ = {isa = PBXBuildFile; fileRef = 208389E12716E19C000ABC6B /* AppDelegate.swift */; };
		208389E42716E19C000ABC6B /* SceneDelegate.swift in Sources */ = {isa = PBXBuildFile; fileRef = 208389E32716E19C000ABC6B /* SceneDelegate.swift */; };
		208389EB2716E19E000ABC6B /* Assets.xcassets in Resources */ = {isa = PBXBuildFile; fileRef = 208389EA2716E19E000ABC6B /* Assets.xcassets */; };
		208389EE2716E19E000ABC6B /* LaunchScreen.storyboard in Resources */ = {isa = PBXBuildFile; fileRef = 208389EC2716E19E000ABC6B /* LaunchScreen.storyboard */; };
		20838A042716E19F000ABC6B /* WatchTesterAppUITests.swift in Sources */ = {isa = PBXBuildFile; fileRef = 20838A032716E19F000ABC6B /* WatchTesterAppUITests.swift */; };
		20838A092716E19F000ABC6B /* Watch.app in Embed Watch Content */ = {isa = PBXBuildFile; fileRef = 20838A082716E19F000ABC6B /* Watch.app */; settings = {ATTRIBUTES = (RemoveHeadersOnCopy, ); }; };
		20838A182716E19F000ABC6B /* WatchTesterApp WatchKit Extension.appex in Embed App Extensions */ = {isa = PBXBuildFile; fileRef = 20838A172716E19F000ABC6B /* WatchTesterApp WatchKit Extension.appex */; settings = {ATTRIBUTES = (RemoveHeadersOnCopy, ); }; };
		20838A1F2716E19F000ABC6B /* ExtensionDelegate.swift in Sources */ = {isa = PBXBuildFile; fileRef = 20838A1E2716E19F000ABC6B /* ExtensionDelegate.swift */; };
		20838A212716E19F000ABC6B /* ComplicationController.swift in Sources */ = {isa = PBXBuildFile; fileRef = 20838A202716E19F000ABC6B /* ComplicationController.swift */; };
		20838A392716E1A0000ABC6B /* WatchTesterApp_WatchKit_AppUITests.swift in Sources */ = {isa = PBXBuildFile; fileRef = 20838A382716E1A0000ABC6B /* WatchTesterApp_WatchKit_AppUITests.swift */; };
		20838A552716E765000ABC6B /* TestInterfaceController.swift in Sources */ = {isa = PBXBuildFile; fileRef = 20838A542716E765000ABC6B /* TestInterfaceController.swift */; };
		AD5449ED3674996FF1135A5F /* libPods-WatchTesterApp WatchKit AppUITests.a in Frameworks */ = {isa = PBXBuildFile; fileRef = CC08B18EAFCCC8A394FB2BEA /* libPods-WatchTesterApp WatchKit AppUITests.a */; };
/* End PBXBuildFile section */

/* Begin PBXContainerItemProxy section */
		20838A002716E19E000ABC6B /* PBXContainerItemProxy */ = {
			isa = PBXContainerItemProxy;
			containerPortal = 208389D62716E19C000ABC6B /* Project object */;
			proxyType = 1;
			remoteGlobalIDString = 208389DD2716E19C000ABC6B;
			remoteInfo = WatchTesterApp;
		};
		20838A0A2716E19F000ABC6B /* PBXContainerItemProxy */ = {
			isa = PBXContainerItemProxy;
			containerPortal = 208389D62716E19C000ABC6B /* Project object */;
			proxyType = 1;
			remoteGlobalIDString = 20838A072716E19F000ABC6B;
			remoteInfo = "WatchTesterApp WatchKit App";
		};
		20838A192716E19F000ABC6B /* PBXContainerItemProxy */ = {
			isa = PBXContainerItemProxy;
			containerPortal = 208389D62716E19C000ABC6B /* Project object */;
			proxyType = 1;
			remoteGlobalIDString = 20838A162716E19F000ABC6B;
			remoteInfo = "WatchTesterApp WatchKit Extension";
		};
		20838A352716E1A0000ABC6B /* PBXContainerItemProxy */ = {
			isa = PBXContainerItemProxy;
			containerPortal = 208389D62716E19C000ABC6B /* Project object */;
			proxyType = 1;
			remoteGlobalIDString = 20838A072716E19F000ABC6B;
			remoteInfo = "WatchTesterApp WatchKit App";
		};
/* End PBXContainerItemProxy section */

/* Begin PBXCopyFilesBuildPhase section */
		20838A402716E1A0000ABC6B /* Embed App Extensions */ = {
			isa = PBXCopyFilesBuildPhase;
			buildActionMask = 2147483647;
			dstPath = "";
			dstSubfolderSpec = 13;
			files = (
				20838A182716E19F000ABC6B /* WatchTesterApp WatchKit Extension.appex in Embed App Extensions */,
			);
			name = "Embed App Extensions";
			runOnlyForDeploymentPostprocessing = 0;
		};
		20838A442716E1A0000ABC6B /* Embed Watch Content */ = {
			isa = PBXCopyFilesBuildPhase;
			buildActionMask = 2147483647;
			dstPath = "$(CONTENTS_FOLDER_PATH)/Watch";
			dstSubfolderSpec = 16;
			files = (
				20838A092716E19F000ABC6B /* Watch.app in Embed Watch Content */,
			);
			name = "Embed Watch Content";
			runOnlyForDeploymentPostprocessing = 0;
		};
/* End PBXCopyFilesBuildPhase section */

/* Begin PBXFileReference section */
		0FF27ADF0205932236B8AFD2 /* Pods-WatchTesterApp WatchKit App-WatchTesterApp WatchKit AppUITests.release.xcconfig */ = {isa = PBXFileReference; includeInIndex = 1; lastKnownFileType = text.xcconfig; name = "Pods-WatchTesterApp WatchKit App-WatchTesterApp WatchKit AppUITests.release.xcconfig"; path = "Target Support Files/Pods-WatchTesterApp WatchKit App-WatchTesterApp WatchKit AppUITests/Pods-WatchTesterApp WatchKit App-WatchTesterApp WatchKit AppUITests.release.xcconfig"; sourceTree = "<group>"; };
		20837688271986DB0044457A /* ViewController.swift */ = {isa = PBXFileReference; fileEncoding = 4; lastKnownFileType = sourcecode.swift; path = ViewController.swift; sourceTree = "<group>"; };
		2083768A271987020044457A /* Main.storyboard */ = {isa = PBXFileReference; fileEncoding = 4; lastKnownFileType = file.storyboard; path = Main.storyboard; sourceTree = "<group>"; };
		2083768C271987C40044457A /* Interface.storyboard */ = {isa = PBXFileReference; fileEncoding = 4; lastKnownFileType = file.storyboard; path = Interface.storyboard; sourceTree = "<group>"; };
		2083768E271987D70044457A /* Assets.xcassets */ = {isa = PBXFileReference; lastKnownFileType = folder.assetcatalog; path = Assets.xcassets; sourceTree = "<group>"; };
		20837690271988C70044457A /* InterfaceController.swift */ = {isa = PBXFileReference; fileEncoding = 4; lastKnownFileType = sourcecode.swift; path = InterfaceController.swift; sourceTree = "<group>"; };
		208376922719943D0044457A /* Events.json */ = {isa = PBXFileReference; fileEncoding = 4; lastKnownFileType = text.json; path = Events.json; sourceTree = "<group>"; };
		208376932719943D0044457A /* Event.swift */ = {isa = PBXFileReference; fileEncoding = 4; lastKnownFileType = sourcecode.swift; path = Event.swift; sourceTree = "<group>"; };
		208376972719946A0044457A /* Assets.xcassets */ = {isa = PBXFileReference; lastKnownFileType = folder.assetcatalog; path = Assets.xcassets; sourceTree = "<group>"; };
		208376992719969B0044457A /* EventTableInterfaceController.swift */ = {isa = PBXFileReference; fileEncoding = 4; lastKnownFileType = sourcecode.swift; path = EventTableInterfaceController.swift; sourceTree = "<group>"; };
		2083769A2719969B0044457A /* AWEventRowController.swift */ = {isa = PBXFileReference; fileEncoding = 4; lastKnownFileType = sourcecode.swift; path = AWEventRowController.swift; sourceTree = "<group>"; };
		2083769B2719969B0044457A /* EventInterfaceController.swift */ = {isa = PBXFileReference; fileEncoding = 4; lastKnownFileType = sourcecode.swift; path = EventInterfaceController.swift; sourceTree = "<group>"; };
		208389DE2716E19C000ABC6B /* WatchTesterApp.app */ = {isa = PBXFileReference; explicitFileType = wrapper.application; includeInIndex = 0; path = WatchTesterApp.app; sourceTree = BUILT_PRODUCTS_DIR; };
		208389E12716E19C000ABC6B /* AppDelegate.swift */ = {isa = PBXFileReference; lastKnownFileType = sourcecode.swift; path = AppDelegate.swift; sourceTree = "<group>"; };
		208389E32716E19C000ABC6B /* SceneDelegate.swift */ = {isa = PBXFileReference; lastKnownFileType = sourcecode.swift; path = SceneDelegate.swift; sourceTree = "<group>"; };
		208389EA2716E19E000ABC6B /* Assets.xcassets */ = {isa = PBXFileReference; lastKnownFileType = folder.assetcatalog; path = Assets.xcassets; sourceTree = "<group>"; };
		208389ED2716E19E000ABC6B /* Base */ = {isa = PBXFileReference; lastKnownFileType = file.storyboard; name = Base; path = Base.lproj/LaunchScreen.storyboard; sourceTree = "<group>"; };
		208389EF2716E19E000ABC6B /* Info.plist */ = {isa = PBXFileReference; lastKnownFileType = text.plist.xml; path = Info.plist; sourceTree = "<group>"; };
		208389FF2716E19E000ABC6B /* WatchTesterAppUITests.xctest */ = {isa = PBXFileReference; explicitFileType = wrapper.cfbundle; includeInIndex = 0; path = WatchTesterAppUITests.xctest; sourceTree = BUILT_PRODUCTS_DIR; };
		20838A032716E19F000ABC6B /* WatchTesterAppUITests.swift */ = {isa = PBXFileReference; lastKnownFileType = sourcecode.swift; path = WatchTesterAppUITests.swift; sourceTree = "<group>"; };
		20838A052716E19F000ABC6B /* Info.plist */ = {isa = PBXFileReference; lastKnownFileType = text.plist.xml; path = Info.plist; sourceTree = "<group>"; };
		20838A082716E19F000ABC6B /* Watch.app */ = {isa = PBXFileReference; explicitFileType = wrapper.application; includeInIndex = 0; path = Watch.app; sourceTree = BUILT_PRODUCTS_DIR; };
		20838A122716E19F000ABC6B /* Info.plist */ = {isa = PBXFileReference; lastKnownFileType = text.plist.xml; path = Info.plist; sourceTree = "<group>"; };
		20838A172716E19F000ABC6B /* WatchTesterApp WatchKit Extension.appex */ = {isa = PBXFileReference; explicitFileType = "wrapper.app-extension"; includeInIndex = 0; path = "WatchTesterApp WatchKit Extension.appex"; sourceTree = BUILT_PRODUCTS_DIR; };
		20838A1E2716E19F000ABC6B /* ExtensionDelegate.swift */ = {isa = PBXFileReference; lastKnownFileType = sourcecode.swift; path = ExtensionDelegate.swift; sourceTree = "<group>"; };
		20838A202716E19F000ABC6B /* ComplicationController.swift */ = {isa = PBXFileReference; lastKnownFileType = sourcecode.swift; path = ComplicationController.swift; sourceTree = "<group>"; };
		20838A242716E1A0000ABC6B /* Info.plist */ = {isa = PBXFileReference; lastKnownFileType = text.plist.xml; path = Info.plist; sourceTree = "<group>"; };
		20838A342716E1A0000ABC6B /* WatchTesterApp WatchKit AppUITests.xctest */ = {isa = PBXFileReference; explicitFileType = wrapper.cfbundle; includeInIndex = 0; path = "WatchTesterApp WatchKit AppUITests.xctest"; sourceTree = BUILT_PRODUCTS_DIR; };
		20838A382716E1A0000ABC6B /* WatchTesterApp_WatchKit_AppUITests.swift */ = {isa = PBXFileReference; lastKnownFileType = sourcecode.swift; path = WatchTesterApp_WatchKit_AppUITests.swift; sourceTree = "<group>"; };
		20838A3A2716E1A0000ABC6B /* Info.plist */ = {isa = PBXFileReference; lastKnownFileType = text.plist.xml; path = Info.plist; sourceTree = "<group>"; };
		20838A542716E765000ABC6B /* TestInterfaceController.swift */ = {isa = PBXFileReference; lastKnownFileType = sourcecode.swift; path = TestInterfaceController.swift; sourceTree = "<group>"; };
		6BDA154418FA37BD1C88FBDB /* Pods-WatchTesterApp WatchKit App-WatchTesterApp WatchKit AppUITests.debug.xcconfig */ = {isa = PBXFileReference; includeInIndex = 1; lastKnownFileType = text.xcconfig; name = "Pods-WatchTesterApp WatchKit App-WatchTesterApp WatchKit AppUITests.debug.xcconfig"; path = "Target Support Files/Pods-WatchTesterApp WatchKit App-WatchTesterApp WatchKit AppUITests/Pods-WatchTesterApp WatchKit App-WatchTesterApp WatchKit AppUITests.debug.xcconfig"; sourceTree = "<group>"; };
		772BFFC0EBAC1663501AC8C7 /* Pods-WatchTesterApp WatchKit AppUITests.debug.xcconfig */ = {isa = PBXFileReference; includeInIndex = 1; lastKnownFileType = text.xcconfig; name = "Pods-WatchTesterApp WatchKit AppUITests.debug.xcconfig"; path = "Target Support Files/Pods-WatchTesterApp WatchKit AppUITests/Pods-WatchTesterApp WatchKit AppUITests.debug.xcconfig"; sourceTree = "<group>"; };
		CC08B18EAFCCC8A394FB2BEA /* libPods-WatchTesterApp WatchKit AppUITests.a */ = {isa = PBXFileReference; explicitFileType = archive.ar; includeInIndex = 0; path = "libPods-WatchTesterApp WatchKit AppUITests.a"; sourceTree = BUILT_PRODUCTS_DIR; };
		E82D8BB91DF2BE2F538DC31F /* Pods-WatchTesterApp WatchKit AppUITests.release.xcconfig */ = {isa = PBXFileReference; includeInIndex = 1; lastKnownFileType = text.xcconfig; name = "Pods-WatchTesterApp WatchKit AppUITests.release.xcconfig"; path = "Target Support Files/Pods-WatchTesterApp WatchKit AppUITests/Pods-WatchTesterApp WatchKit AppUITests.release.xcconfig"; sourceTree = "<group>"; };
/* End PBXFileReference section */

/* Begin PBXFrameworksBuildPhase section */
		208389DB2716E19C000ABC6B /* Frameworks */ = {
			isa = PBXFrameworksBuildPhase;
			buildActionMask = 2147483647;
			files = (
			);
			runOnlyForDeploymentPostprocessing = 0;
		};
		208389FC2716E19E000ABC6B /* Frameworks */ = {
			isa = PBXFrameworksBuildPhase;
			buildActionMask = 2147483647;
			files = (
			);
			runOnlyForDeploymentPostprocessing = 0;
		};
		20838A142716E19F000ABC6B /* Frameworks */ = {
			isa = PBXFrameworksBuildPhase;
			buildActionMask = 2147483647;
			files = (
			);
			runOnlyForDeploymentPostprocessing = 0;
		};
		20838A312716E1A0000ABC6B /* Frameworks */ = {
			isa = PBXFrameworksBuildPhase;
			buildActionMask = 2147483647;
			files = (
				AD5449ED3674996FF1135A5F /* libPods-WatchTesterApp WatchKit AppUITests.a in Frameworks */,
			);
			runOnlyForDeploymentPostprocessing = 0;
		};
		FABA7C3D491C620DBE348635 /* Frameworks */ = {
			isa = PBXFrameworksBuildPhase;
			buildActionMask = 2147483647;
			files = (
			);
			runOnlyForDeploymentPostprocessing = 0;
		};
/* End PBXFrameworksBuildPhase section */

/* Begin PBXGroup section */
		208376962719944B0044457A /* Database */ = {
			isa = PBXGroup;
			children = (
				208376932719943D0044457A /* Event.swift */,
				208376922719943D0044457A /* Events.json */,
			);
			path = Database;
			sourceTree = "<group>";
		};
		208389D52716E19C000ABC6B = {
			isa = PBXGroup;
			children = (
				208389E02716E19C000ABC6B /* WatchTesterApp */,
				20838A022716E19F000ABC6B /* WatchTesterAppUITests */,
				20838A0C2716E19F000ABC6B /* WatchTesterApp WatchKit App */,
				20838A1B2716E19F000ABC6B /* WatchTesterApp WatchKit Extension */,
				20838A372716E1A0000ABC6B /* WatchTesterApp WatchKit AppUITests */,
				208389DF2716E19C000ABC6B /* Products */,
				25386D6DA61ED42444FEC675 /* Pods */,
				594DC0761098A76087C0B721 /* Frameworks */,
			);
			sourceTree = "<group>";
		};
		208389DF2716E19C000ABC6B /* Products */ = {
			isa = PBXGroup;
			children = (
				208389DE2716E19C000ABC6B /* WatchTesterApp.app */,
				208389FF2716E19E000ABC6B /* WatchTesterAppUITests.xctest */,
				20838A082716E19F000ABC6B /* Watch.app */,
				20838A172716E19F000ABC6B /* WatchTesterApp WatchKit Extension.appex */,
				20838A342716E1A0000ABC6B /* WatchTesterApp WatchKit AppUITests.xctest */,
			);
			name = Products;
			sourceTree = "<group>";
		};
		208389E02716E19C000ABC6B /* WatchTesterApp */ = {
			isa = PBXGroup;
			children = (
				20837688271986DB0044457A /* ViewController.swift */,
				2083768A271987020044457A /* Main.storyboard */,
				208389E12716E19C000ABC6B /* AppDelegate.swift */,
				208389E32716E19C000ABC6B /* SceneDelegate.swift */,
				208389EA2716E19E000ABC6B /* Assets.xcassets */,
				208389EC2716E19E000ABC6B /* LaunchScreen.storyboard */,
				208389EF2716E19E000ABC6B /* Info.plist */,
			);
			path = WatchTesterApp;
			sourceTree = "<group>";
		};
		20838A022716E19F000ABC6B /* WatchTesterAppUITests */ = {
			isa = PBXGroup;
			children = (
				20838A032716E19F000ABC6B /* WatchTesterAppUITests.swift */,
				20838A052716E19F000ABC6B /* Info.plist */,
			);
			path = WatchTesterAppUITests;
			sourceTree = "<group>";
		};
		20838A0C2716E19F000ABC6B /* WatchTesterApp WatchKit App */ = {
			isa = PBXGroup;
			children = (
				2083768C271987C40044457A /* Interface.storyboard */,
				20838A122716E19F000ABC6B /* Info.plist */,
				2083768E271987D70044457A /* Assets.xcassets */,
			);
			path = "WatchTesterApp WatchKit App";
			sourceTree = "<group>";
		};
		20838A1B2716E19F000ABC6B /* WatchTesterApp WatchKit Extension */ = {
			isa = PBXGroup;
			children = (
				208376962719944B0044457A /* Database */,
				20837690271988C70044457A /* InterfaceController.swift */,
				2083769A2719969B0044457A /* AWEventRowController.swift */,
				2083769B2719969B0044457A /* EventInterfaceController.swift */,
				208376992719969B0044457A /* EventTableInterfaceController.swift */,
				20838A1E2716E19F000ABC6B /* ExtensionDelegate.swift */,
				20838A542716E765000ABC6B /* TestInterfaceController.swift */,
				20838A202716E19F000ABC6B /* ComplicationController.swift */,
				208376972719946A0044457A /* Assets.xcassets */,
				20838A242716E1A0000ABC6B /* Info.plist */,
			);
			path = "WatchTesterApp WatchKit Extension";
			sourceTree = "<group>";
		};
		20838A372716E1A0000ABC6B /* WatchTesterApp WatchKit AppUITests */ = {
			isa = PBXGroup;
			children = (
				20838A382716E1A0000ABC6B /* WatchTesterApp_WatchKit_AppUITests.swift */,
				20838A3A2716E1A0000ABC6B /* Info.plist */,
			);
			path = "WatchTesterApp WatchKit AppUITests";
			sourceTree = "<group>";
		};
		25386D6DA61ED42444FEC675 /* Pods */ = {
			isa = PBXGroup;
			children = (
				6BDA154418FA37BD1C88FBDB /* Pods-WatchTesterApp WatchKit App-WatchTesterApp WatchKit AppUITests.debug.xcconfig */,
				0FF27ADF0205932236B8AFD2 /* Pods-WatchTesterApp WatchKit App-WatchTesterApp WatchKit AppUITests.release.xcconfig */,
				772BFFC0EBAC1663501AC8C7 /* Pods-WatchTesterApp WatchKit AppUITests.debug.xcconfig */,
				E82D8BB91DF2BE2F538DC31F /* Pods-WatchTesterApp WatchKit AppUITests.release.xcconfig */,
			);
			path = Pods;
			sourceTree = "<group>";
		};
		594DC0761098A76087C0B721 /* Frameworks */ = {
			isa = PBXGroup;
			children = (
				CC08B18EAFCCC8A394FB2BEA /* libPods-WatchTesterApp WatchKit AppUITests.a */,
			);
			name = Frameworks;
			sourceTree = "<group>";
		};
/* End PBXGroup section */

/* Begin PBXNativeTarget section */
		208389DD2716E19C000ABC6B /* WatchTesterApp */ = {
			isa = PBXNativeTarget;
			buildConfigurationList = 20838A452716E1A0000ABC6B /* Build configuration list for PBXNativeTarget "WatchTesterApp" */;
			buildPhases = (
				208389DA2716E19C000ABC6B /* Sources */,
				208389DB2716E19C000ABC6B /* Frameworks */,
				208389DC2716E19C000ABC6B /* Resources */,
				20838A442716E1A0000ABC6B /* Embed Watch Content */,
			);
			buildRules = (
			);
			dependencies = (
				20838A0B2716E19F000ABC6B /* PBXTargetDependency */,
			);
			name = WatchTesterApp;
			productName = WatchTesterApp;
			productReference = 208389DE2716E19C000ABC6B /* WatchTesterApp.app */;
			productType = "com.apple.product-type.application";
		};
		208389FE2716E19E000ABC6B /* WatchTesterAppUITests */ = {
			isa = PBXNativeTarget;
			buildConfigurationList = 20838A4B2716E1A0000ABC6B /* Build configuration list for PBXNativeTarget "WatchTesterAppUITests" */;
			buildPhases = (
				208389FB2716E19E000ABC6B /* Sources */,
				208389FC2716E19E000ABC6B /* Frameworks */,
				208389FD2716E19E000ABC6B /* Resources */,
			);
			buildRules = (
			);
			dependencies = (
				20838A012716E19E000ABC6B /* PBXTargetDependency */,
			);
			name = WatchTesterAppUITests;
			productName = WatchTesterAppUITests;
			productReference = 208389FF2716E19E000ABC6B /* WatchTesterAppUITests.xctest */;
			productType = "com.apple.product-type.bundle.ui-testing";
		};
		20838A072716E19F000ABC6B /* Watch */ = {
			isa = PBXNativeTarget;
			buildConfigurationList = 20838A412716E1A0000ABC6B /* Build configuration list for PBXNativeTarget "Watch" */;
			buildPhases = (
				20838A062716E19F000ABC6B /* Resources */,
				20838A402716E1A0000ABC6B /* Embed App Extensions */,
				FABA7C3D491C620DBE348635 /* Frameworks */,
			);
			buildRules = (
			);
			dependencies = (
				20838A1A2716E19F000ABC6B /* PBXTargetDependency */,
			);
			name = Watch;
			productName = "WatchTesterApp WatchKit App";
			productReference = 20838A082716E19F000ABC6B /* Watch.app */;
			productType = "com.apple.product-type.application.watchapp2";
		};
		20838A162716E19F000ABC6B /* WatchTesterApp WatchKit Extension */ = {
			isa = PBXNativeTarget;
			buildConfigurationList = 20838A3D2716E1A0000ABC6B /* Build configuration list for PBXNativeTarget "WatchTesterApp WatchKit Extension" */;
			buildPhases = (
				20838A132716E19F000ABC6B /* Sources */,
				20838A142716E19F000ABC6B /* Frameworks */,
				20838A152716E19F000ABC6B /* Resources */,
			);
			buildRules = (
			);
			dependencies = (
			);
			name = "WatchTesterApp WatchKit Extension";
			productName = "WatchTesterApp WatchKit Extension";
			productReference = 20838A172716E19F000ABC6B /* WatchTesterApp WatchKit Extension.appex */;
			productType = "com.apple.product-type.watchkit2-extension";
		};
		20838A332716E1A0000ABC6B /* WatchTesterApp WatchKit AppUITests */ = {
			isa = PBXNativeTarget;
			buildConfigurationList = 20838A512716E1A0000ABC6B /* Build configuration list for PBXNativeTarget "WatchTesterApp WatchKit AppUITests" */;
			buildPhases = (
				E8BC80632EAF55B14106F477 /* [CP] Check Pods Manifest.lock */,
				20838A302716E1A0000ABC6B /* Sources */,
				20838A312716E1A0000ABC6B /* Frameworks */,
				20838A322716E1A0000ABC6B /* Resources */,
			);
			buildRules = (
			);
			dependencies = (
				20838A362716E1A0000ABC6B /* PBXTargetDependency */,
			);
			name = "WatchTesterApp WatchKit AppUITests";
			productName = "WatchTesterApp WatchKit AppUITests";
			productReference = 20838A342716E1A0000ABC6B /* WatchTesterApp WatchKit AppUITests.xctest */;
			productType = "com.apple.product-type.bundle.ui-testing";
		};
/* End PBXNativeTarget section */

/* Begin PBXProject section */
		208389D62716E19C000ABC6B /* Project object */ = {
			isa = PBXProject;
			attributes = {
				LastSwiftUpdateCheck = 1250;
				LastUpgradeCheck = 1250;
				TargetAttributes = {
					208389DD2716E19C000ABC6B = {
						CreatedOnToolsVersion = 12.5.1;
					};
					208389FE2716E19E000ABC6B = {
						CreatedOnToolsVersion = 12.5.1;
						TestTargetID = 208389DD2716E19C000ABC6B;
					};
					20838A072716E19F000ABC6B = {
						CreatedOnToolsVersion = 12.5.1;
					};
					20838A162716E19F000ABC6B = {
						CreatedOnToolsVersion = 12.5.1;
					};
					20838A332716E1A0000ABC6B = {
						CreatedOnToolsVersion = 12.5.1;
						TestTargetID = 20838A072716E19F000ABC6B;
					};
				};
			};
			buildConfigurationList = 208389D92716E19C000ABC6B /* Build configuration list for PBXProject "WatchTesterApp" */;
			compatibilityVersion = "Xcode 9.3";
			developmentRegion = en;
			hasScannedForEncodings = 0;
			knownRegions = (
				en,
				Base,
			);
			mainGroup = 208389D52716E19C000ABC6B;
			productRefGroup = 208389DF2716E19C000ABC6B /* Products */;
			projectDirPath = "";
			projectRoot = "";
			targets = (
				208389DD2716E19C000ABC6B /* WatchTesterApp */,
				208389FE2716E19E000ABC6B /* WatchTesterAppUITests */,
				20838A072716E19F000ABC6B /* Watch */,
				20838A162716E19F000ABC6B /* WatchTesterApp WatchKit Extension */,
				20838A332716E1A0000ABC6B /* WatchTesterApp WatchKit AppUITests */,
			);
		};
/* End PBXProject section */

/* Begin PBXResourcesBuildPhase section */
		208389DC2716E19C000ABC6B /* Resources */ = {
			isa = PBXResourcesBuildPhase;
			buildActionMask = 2147483647;
			files = (
				2083768B271987020044457A /* Main.storyboard in Resources */,
				208389EE2716E19E000ABC6B /* LaunchScreen.storyboard in Resources */,
				208389EB2716E19E000ABC6B /* Assets.xcassets in Resources */,
			);
			runOnlyForDeploymentPostprocessing = 0;
		};
		208389FD2716E19E000ABC6B /* Resources */ = {
			isa = PBXResourcesBuildPhase;
			buildActionMask = 2147483647;
			files = (
			);
			runOnlyForDeploymentPostprocessing = 0;
		};
		20838A062716E19F000ABC6B /* Resources */ = {
			isa = PBXResourcesBuildPhase;
			buildActionMask = 2147483647;
			files = (
				2083768F271987D70044457A /* Assets.xcassets in Resources */,
				2083768D271987C40044457A /* Interface.storyboard in Resources */,
			);
			runOnlyForDeploymentPostprocessing = 0;
		};
		20838A152716E19F000ABC6B /* Resources */ = {
			isa = PBXResourcesBuildPhase;
			buildActionMask = 2147483647;
			files = (
				208376982719946A0044457A /* Assets.xcassets in Resources */,
				208376942719943D0044457A /* Events.json in Resources */,
			);
			runOnlyForDeploymentPostprocessing = 0;
		};
		20838A322716E1A0000ABC6B /* Resources */ = {
			isa = PBXResourcesBuildPhase;
			buildActionMask = 2147483647;
			files = (
			);
			runOnlyForDeploymentPostprocessing = 0;
		};
/* End PBXResourcesBuildPhase section */

/* Begin PBXShellScriptBuildPhase section */
		E8BC80632EAF55B14106F477 /* [CP] Check Pods Manifest.lock */ = {
			isa = PBXShellScriptBuildPhase;
			buildActionMask = 2147483647;
			files = (
			);
			inputFileListPaths = (
			);
			inputPaths = (
				"${PODS_PODFILE_DIR_PATH}/Podfile.lock",
				"${PODS_ROOT}/Manifest.lock",
			);
			name = "[CP] Check Pods Manifest.lock";
			outputFileListPaths = (
			);
			outputPaths = (
				"$(DERIVED_FILE_DIR)/Pods-WatchTesterApp WatchKit AppUITests-checkManifestLockResult.txt",
			);
			runOnlyForDeploymentPostprocessing = 0;
			shellPath = /bin/sh;
			shellScript = "diff \"${PODS_PODFILE_DIR_PATH}/Podfile.lock\" \"${PODS_ROOT}/Manifest.lock\" > /dev/null\nif [ $? != 0 ] ; then\n    # print error to STDERR\n    echo \"error: The sandbox is not in sync with the Podfile.lock. Run 'pod install' or update your CocoaPods installation.\" >&2\n    exit 1\nfi\n# This output is used by Xcode 'outputs' to avoid re-running this script phase.\necho \"SUCCESS\" > \"${SCRIPT_OUTPUT_FILE_0}\"\n";
			showEnvVarsInLog = 0;
		};
/* End PBXShellScriptBuildPhase section */

/* Begin PBXSourcesBuildPhase section */
		208389DA2716E19C000ABC6B /* Sources */ = {
			isa = PBXSourcesBuildPhase;
			buildActionMask = 2147483647;
			files = (
				20837689271986DB0044457A /* ViewController.swift in Sources */,
				208389E22716E19C000ABC6B /* AppDelegate.swift in Sources */,
				208389E42716E19C000ABC6B /* SceneDelegate.swift in Sources */,
			);
			runOnlyForDeploymentPostprocessing = 0;
		};
		208389FB2716E19E000ABC6B /* Sources */ = {
			isa = PBXSourcesBuildPhase;
			buildActionMask = 2147483647;
			files = (
				20838A042716E19F000ABC6B /* WatchTesterAppUITests.swift in Sources */,
			);
			runOnlyForDeploymentPostprocessing = 0;
		};
		20838A132716E19F000ABC6B /* Sources */ = {
			isa = PBXSourcesBuildPhase;
			buildActionMask = 2147483647;
			files = (
				2083769E2719969B0044457A /* EventInterfaceController.swift in Sources */,
				20838A1F2716E19F000ABC6B /* ExtensionDelegate.swift in Sources */,
				2083769C2719969B0044457A /* EventTableInterfaceController.swift in Sources */,
				2083769D2719969B0044457A /* AWEventRowController.swift in Sources */,
				20837691271988C70044457A /* InterfaceController.swift in Sources */,
				20838A552716E765000ABC6B /* TestInterfaceController.swift in Sources */,
				20838A212716E19F000ABC6B /* ComplicationController.swift in Sources */,
				208376952719943D0044457A /* Event.swift in Sources */,
			);
			runOnlyForDeploymentPostprocessing = 0;
		};
		20838A302716E1A0000ABC6B /* Sources */ = {
			isa = PBXSourcesBuildPhase;
			buildActionMask = 2147483647;
			files = (
				20838A392716E1A0000ABC6B /* WatchTesterApp_WatchKit_AppUITests.swift in Sources */,
			);
			runOnlyForDeploymentPostprocessing = 0;
		};
/* End PBXSourcesBuildPhase section */

/* Begin PBXTargetDependency section */
		20838A012716E19E000ABC6B /* PBXTargetDependency */ = {
			isa = PBXTargetDependency;
			target = 208389DD2716E19C000ABC6B /* WatchTesterApp */;
			targetProxy = 20838A002716E19E000ABC6B /* PBXContainerItemProxy */;
		};
		20838A0B2716E19F000ABC6B /* PBXTargetDependency */ = {
			isa = PBXTargetDependency;
			target = 20838A072716E19F000ABC6B /* Watch */;
			targetProxy = 20838A0A2716E19F000ABC6B /* PBXContainerItemProxy */;
		};
		20838A1A2716E19F000ABC6B /* PBXTargetDependency */ = {
			isa = PBXTargetDependency;
			target = 20838A162716E19F000ABC6B /* WatchTesterApp WatchKit Extension */;
			targetProxy = 20838A192716E19F000ABC6B /* PBXContainerItemProxy */;
		};
		20838A362716E1A0000ABC6B /* PBXTargetDependency */ = {
			isa = PBXTargetDependency;
			target = 20838A072716E19F000ABC6B /* Watch */;
			targetProxy = 20838A352716E1A0000ABC6B /* PBXContainerItemProxy */;
		};
/* End PBXTargetDependency section */

/* Begin PBXVariantGroup section */
		208389EC2716E19E000ABC6B /* LaunchScreen.storyboard */ = {
			isa = PBXVariantGroup;
			children = (
				208389ED2716E19E000ABC6B /* Base */,
			);
			name = LaunchScreen.storyboard;
			sourceTree = "<group>";
		};
/* End PBXVariantGroup section */

/* Begin XCBuildConfiguration section */
		20838A3B2716E1A0000ABC6B /* Debug */ = {
			isa = XCBuildConfiguration;
			buildSettings = {
				ALWAYS_SEARCH_USER_PATHS = NO;
				CLANG_ANALYZER_NONNULL = YES;
				CLANG_ANALYZER_NUMBER_OBJECT_CONVERSION = YES_AGGRESSIVE;
				CLANG_CXX_LANGUAGE_STANDARD = "gnu++14";
				CLANG_CXX_LIBRARY = "libc++";
				CLANG_ENABLE_MODULES = YES;
				CLANG_ENABLE_OBJC_ARC = YES;
				CLANG_ENABLE_OBJC_WEAK = YES;
				CLANG_WARN_BLOCK_CAPTURE_AUTORELEASING = YES;
				CLANG_WARN_BOOL_CONVERSION = YES;
				CLANG_WARN_COMMA = YES;
				CLANG_WARN_CONSTANT_CONVERSION = YES;
				CLANG_WARN_DEPRECATED_OBJC_IMPLEMENTATIONS = YES;
				CLANG_WARN_DIRECT_OBJC_ISA_USAGE = YES_ERROR;
				CLANG_WARN_DOCUMENTATION_COMMENTS = YES;
				CLANG_WARN_EMPTY_BODY = YES;
				CLANG_WARN_ENUM_CONVERSION = YES;
				CLANG_WARN_INFINITE_RECURSION = YES;
				CLANG_WARN_INT_CONVERSION = YES;
				CLANG_WARN_NON_LITERAL_NULL_CONVERSION = YES;
				CLANG_WARN_OBJC_IMPLICIT_RETAIN_SELF = YES;
				CLANG_WARN_OBJC_LITERAL_CONVERSION = YES;
				CLANG_WARN_OBJC_ROOT_CLASS = YES_ERROR;
				CLANG_WARN_QUOTED_INCLUDE_IN_FRAMEWORK_HEADER = YES;
				CLANG_WARN_RANGE_LOOP_ANALYSIS = YES;
				CLANG_WARN_STRICT_PROTOTYPES = YES;
				CLANG_WARN_SUSPICIOUS_MOVE = YES;
				CLANG_WARN_UNGUARDED_AVAILABILITY = YES_AGGRESSIVE;
				CLANG_WARN_UNREACHABLE_CODE = YES;
				CLANG_WARN__DUPLICATE_METHOD_MATCH = YES;
				COPY_PHASE_STRIP = NO;
				DEBUG_INFORMATION_FORMAT = dwarf;
				ENABLE_STRICT_OBJC_MSGSEND = YES;
				ENABLE_TESTABILITY = YES;
				GCC_C_LANGUAGE_STANDARD = gnu11;
				GCC_DYNAMIC_NO_PIC = NO;
				GCC_NO_COMMON_BLOCKS = YES;
				GCC_OPTIMIZATION_LEVEL = 0;
				GCC_PREPROCESSOR_DEFINITIONS = (
					"DEBUG=1",
					"$(inherited)",
				);
				GCC_WARN_64_TO_32_BIT_CONVERSION = YES;
				GCC_WARN_ABOUT_RETURN_TYPE = YES_ERROR;
				GCC_WARN_UNDECLARED_SELECTOR = YES;
				GCC_WARN_UNINITIALIZED_AUTOS = YES_AGGRESSIVE;
				GCC_WARN_UNUSED_FUNCTION = YES;
				GCC_WARN_UNUSED_VARIABLE = YES;
				MTL_ENABLE_DEBUG_INFO = INCLUDE_SOURCE;
				MTL_FAST_MATH = YES;
				ONLY_ACTIVE_ARCH = YES;
				SWIFT_ACTIVE_COMPILATION_CONDITIONS = DEBUG;
				SWIFT_OPTIMIZATION_LEVEL = "-Onone";
			};
			name = Debug;
		};
		20838A3C2716E1A0000ABC6B /* Release */ = {
			isa = XCBuildConfiguration;
			buildSettings = {
				ALWAYS_SEARCH_USER_PATHS = NO;
				CLANG_ANALYZER_NONNULL = YES;
				CLANG_ANALYZER_NUMBER_OBJECT_CONVERSION = YES_AGGRESSIVE;
				CLANG_CXX_LANGUAGE_STANDARD = "gnu++14";
				CLANG_CXX_LIBRARY = "libc++";
				CLANG_ENABLE_MODULES = YES;
				CLANG_ENABLE_OBJC_ARC = YES;
				CLANG_ENABLE_OBJC_WEAK = YES;
				CLANG_WARN_BLOCK_CAPTURE_AUTORELEASING = YES;
				CLANG_WARN_BOOL_CONVERSION = YES;
				CLANG_WARN_COMMA = YES;
				CLANG_WARN_CONSTANT_CONVERSION = YES;
				CLANG_WARN_DEPRECATED_OBJC_IMPLEMENTATIONS = YES;
				CLANG_WARN_DIRECT_OBJC_ISA_USAGE = YES_ERROR;
				CLANG_WARN_DOCUMENTATION_COMMENTS = YES;
				CLANG_WARN_EMPTY_BODY = YES;
				CLANG_WARN_ENUM_CONVERSION = YES;
				CLANG_WARN_INFINITE_RECURSION = YES;
				CLANG_WARN_INT_CONVERSION = YES;
				CLANG_WARN_NON_LITERAL_NULL_CONVERSION = YES;
				CLANG_WARN_OBJC_IMPLICIT_RETAIN_SELF = YES;
				CLANG_WARN_OBJC_LITERAL_CONVERSION = YES;
				CLANG_WARN_OBJC_ROOT_CLASS = YES_ERROR;
				CLANG_WARN_QUOTED_INCLUDE_IN_FRAMEWORK_HEADER = YES;
				CLANG_WARN_RANGE_LOOP_ANALYSIS = YES;
				CLANG_WARN_STRICT_PROTOTYPES = YES;
				CLANG_WARN_SUSPICIOUS_MOVE = YES;
				CLANG_WARN_UNGUARDED_AVAILABILITY = YES_AGGRESSIVE;
				CLANG_WARN_UNREACHABLE_CODE = YES;
				CLANG_WARN__DUPLICATE_METHOD_MATCH = YES;
				COPY_PHASE_STRIP = NO;
				DEBUG_INFORMATION_FORMAT = "dwarf-with-dsym";
				ENABLE_NS_ASSERTIONS = NO;
				ENABLE_STRICT_OBJC_MSGSEND = YES;
				GCC_C_LANGUAGE_STANDARD = gnu11;
				GCC_NO_COMMON_BLOCKS = YES;
				GCC_WARN_64_TO_32_BIT_CONVERSION = YES;
				GCC_WARN_ABOUT_RETURN_TYPE = YES_ERROR;
				GCC_WARN_UNDECLARED_SELECTOR = YES;
				GCC_WARN_UNINITIALIZED_AUTOS = YES_AGGRESSIVE;
				GCC_WARN_UNUSED_FUNCTION = YES;
				GCC_WARN_UNUSED_VARIABLE = YES;
				MTL_ENABLE_DEBUG_INFO = NO;
				MTL_FAST_MATH = YES;
				SWIFT_COMPILATION_MODE = wholemodule;
				SWIFT_OPTIMIZATION_LEVEL = "-O";
			};
			name = Release;
		};
		20838A3E2716E1A0000ABC6B /* Debug */ = {
			isa = XCBuildConfiguration;
			buildSettings = {
				ASSETCATALOG_COMPILER_COMPLICATION_NAME = Complication;
				CODE_SIGN_STYLE = Automatic;
				DEVELOPMENT_TEAM = 42Q4X42Y9R;
				INFOPLIST_FILE = "WatchTesterApp WatchKit Extension/Info.plist";
				LD_RUNPATH_SEARCH_PATHS = (
					"$(inherited)",
					"@executable_path/Frameworks",
					"@executable_path/../../Frameworks",
				);
				PRODUCT_BUNDLE_IDENTIFIER = com.zhannamoskaliuk.WatchTesterApp.watchkitapp.watchkitextension;
				PRODUCT_NAME = "${TARGET_NAME}";
				SDKROOT = watchos;
				SKIP_INSTALL = YES;
				SWIFT_VERSION = 5.0;
				TARGETED_DEVICE_FAMILY = 4;
				WATCHOS_DEPLOYMENT_TARGET = 7.4;
			};
			name = Debug;
		};
		20838A3F2716E1A0000ABC6B /* Release */ = {
			isa = XCBuildConfiguration;
			buildSettings = {
				ASSETCATALOG_COMPILER_COMPLICATION_NAME = Complication;
				CODE_SIGN_STYLE = Automatic;
				DEVELOPMENT_TEAM = 42Q4X42Y9R;
				INFOPLIST_FILE = "WatchTesterApp WatchKit Extension/Info.plist";
				LD_RUNPATH_SEARCH_PATHS = (
					"$(inherited)",
					"@executable_path/Frameworks",
					"@executable_path/../../Frameworks",
				);
				PRODUCT_BUNDLE_IDENTIFIER = com.zhannamoskaliuk.WatchTesterApp.watchkitapp.watchkitextension;
				PRODUCT_NAME = "${TARGET_NAME}";
				SDKROOT = watchos;
				SKIP_INSTALL = YES;
				SWIFT_VERSION = 5.0;
				TARGETED_DEVICE_FAMILY = 4;
				VALIDATE_PRODUCT = YES;
				WATCHOS_DEPLOYMENT_TARGET = 7.4;
			};
			name = Release;
		};
		20838A422716E1A0000ABC6B /* Debug */ = {
			isa = XCBuildConfiguration;
			buildSettings = {
				ALWAYS_EMBED_SWIFT_STANDARD_LIBRARIES = YES;
				ASSETCATALOG_COMPILER_APPICON_NAME = AppIcon;
				ASSETCATALOG_COMPILER_GLOBAL_ACCENT_COLOR_NAME = AccentColor;
				CODE_SIGN_STYLE = Automatic;
				DEVELOPMENT_TEAM = 42Q4X42Y9R;
				IBSC_MODULE = WatchTesterApp_WatchKit_Extension;
				INFOPLIST_FILE = "WatchTesterApp WatchKit App/Info.plist";
				PRODUCT_BUNDLE_IDENTIFIER = com.zhannamoskaliuk.WatchTesterApp.watchkitapp;
				PRODUCT_NAME = "$(TARGET_NAME)";
				SDKROOT = watchos;
				SKIP_INSTALL = YES;
				SWIFT_VERSION = 5.0;
				TARGETED_DEVICE_FAMILY = 4;
				WATCHOS_DEPLOYMENT_TARGET = 7.4;
			};
			name = Debug;
		};
		20838A432716E1A0000ABC6B /* Release */ = {
			isa = XCBuildConfiguration;
			buildSettings = {
				ALWAYS_EMBED_SWIFT_STANDARD_LIBRARIES = YES;
				ASSETCATALOG_COMPILER_APPICON_NAME = AppIcon;
				ASSETCATALOG_COMPILER_GLOBAL_ACCENT_COLOR_NAME = AccentColor;
				CODE_SIGN_STYLE = Automatic;
				DEVELOPMENT_TEAM = 42Q4X42Y9R;
				IBSC_MODULE = WatchTesterApp_WatchKit_Extension;
				INFOPLIST_FILE = "WatchTesterApp WatchKit App/Info.plist";
				PRODUCT_BUNDLE_IDENTIFIER = com.zhannamoskaliuk.WatchTesterApp.watchkitapp;
				PRODUCT_NAME = "$(TARGET_NAME)";
				SDKROOT = watchos;
				SKIP_INSTALL = YES;
				SWIFT_VERSION = 5.0;
				TARGETED_DEVICE_FAMILY = 4;
				VALIDATE_PRODUCT = YES;
				WATCHOS_DEPLOYMENT_TARGET = 7.4;
			};
			name = Release;
		};
		20838A462716E1A0000ABC6B /* Debug */ = {
			isa = XCBuildConfiguration;
			buildSettings = {
				ASSETCATALOG_COMPILER_APPICON_NAME = AppIcon;
				ASSETCATALOG_COMPILER_GLOBAL_ACCENT_COLOR_NAME = AccentColor;
				CODE_SIGN_STYLE = Automatic;
				DEVELOPMENT_TEAM = 42Q4X42Y9R;
				INFOPLIST_FILE = WatchTesterApp/Info.plist;
				IPHONEOS_DEPLOYMENT_TARGET = 14.5;
				LD_RUNPATH_SEARCH_PATHS = (
					"$(inherited)",
					"@executable_path/Frameworks",
				);
				PRODUCT_BUNDLE_IDENTIFIER = com.zhannamoskaliuk.WatchTesterApp;
				PRODUCT_NAME = "$(TARGET_NAME)";
				SDKROOT = iphoneos;
				SWIFT_VERSION = 5.0;
				TARGETED_DEVICE_FAMILY = 1;
			};
			name = Debug;
		};
		20838A472716E1A0000ABC6B /* Release */ = {
			isa = XCBuildConfiguration;
			buildSettings = {
				ASSETCATALOG_COMPILER_APPICON_NAME = AppIcon;
				ASSETCATALOG_COMPILER_GLOBAL_ACCENT_COLOR_NAME = AccentColor;
				CODE_SIGN_STYLE = Automatic;
				DEVELOPMENT_TEAM = 42Q4X42Y9R;
				INFOPLIST_FILE = WatchTesterApp/Info.plist;
				IPHONEOS_DEPLOYMENT_TARGET = 14.5;
				LD_RUNPATH_SEARCH_PATHS = (
					"$(inherited)",
					"@executable_path/Frameworks",
				);
				PRODUCT_BUNDLE_IDENTIFIER = com.zhannamoskaliuk.WatchTesterApp;
				PRODUCT_NAME = "$(TARGET_NAME)";
				SDKROOT = iphoneos;
				SWIFT_VERSION = 5.0;
				TARGETED_DEVICE_FAMILY = 1;
				VALIDATE_PRODUCT = YES;
			};
			name = Release;
		};
		20838A4C2716E1A0000ABC6B /* Debug */ = {
			isa = XCBuildConfiguration;
			buildSettings = {
				ALWAYS_EMBED_SWIFT_STANDARD_LIBRARIES = YES;
				CODE_SIGN_STYLE = Automatic;
				DEVELOPMENT_TEAM = 42Q4X42Y9R;
				INFOPLIST_FILE = WatchTesterAppUITests/Info.plist;
				IPHONEOS_DEPLOYMENT_TARGET = 14.5;
				LD_RUNPATH_SEARCH_PATHS = (
					"$(inherited)",
					"@executable_path/Frameworks",
					"@loader_path/Frameworks",
				);
				PRODUCT_BUNDLE_IDENTIFIER = com.zhannamoskaliuk.WatchTesterAppUITests;
				PRODUCT_NAME = "$(TARGET_NAME)";
				SDKROOT = iphoneos;
				SWIFT_VERSION = 5.0;
				TARGETED_DEVICE_FAMILY = "1,2";
				TEST_TARGET_NAME = WatchTesterApp;
			};
			name = Debug;
		};
		20838A4D2716E1A0000ABC6B /* Release */ = {
			isa = XCBuildConfiguration;
			buildSettings = {
				ALWAYS_EMBED_SWIFT_STANDARD_LIBRARIES = YES;
				CODE_SIGN_STYLE = Automatic;
				DEVELOPMENT_TEAM = 42Q4X42Y9R;
				INFOPLIST_FILE = WatchTesterAppUITests/Info.plist;
				IPHONEOS_DEPLOYMENT_TARGET = 14.5;
				LD_RUNPATH_SEARCH_PATHS = (
					"$(inherited)",
					"@executable_path/Frameworks",
					"@loader_path/Frameworks",
				);
				PRODUCT_BUNDLE_IDENTIFIER = com.zhannamoskaliuk.WatchTesterAppUITests;
				PRODUCT_NAME = "$(TARGET_NAME)";
				SDKROOT = iphoneos;
				SWIFT_VERSION = 5.0;
				TARGETED_DEVICE_FAMILY = "1,2";
				TEST_TARGET_NAME = WatchTesterApp;
				VALIDATE_PRODUCT = YES;
			};
			name = Release;
		};
		20838A522716E1A0000ABC6B /* Debug */ = {
			isa = XCBuildConfiguration;
			baseConfigurationReference = 772BFFC0EBAC1663501AC8C7 /* Pods-WatchTesterApp WatchKit AppUITests.debug.xcconfig */;
			buildSettings = {
				CODE_SIGN_STYLE = Automatic;
				DEVELOPMENT_TEAM = 42Q4X42Y9R;
				INFOPLIST_FILE = "WatchTesterApp WatchKit AppUITests/Info.plist";
				LD_RUNPATH_SEARCH_PATHS = (
					"$(inherited)",
					"@executable_path/Frameworks",
					"@loader_path/Frameworks",
				);
				PRODUCT_BUNDLE_IDENTIFIER = "com.zhannamoskaliuk.WatchTesterApp-WatchKit-AppUITests";
				PRODUCT_NAME = "$(TARGET_NAME)";
				SDKROOT = watchos;
				SWIFT_VERSION = 5.0;
				TARGETED_DEVICE_FAMILY = 4;
				TEST_TARGET_NAME = Watch;
				WATCHOS_DEPLOYMENT_TARGET = 7.4;
			};
			name = Debug;
		};
		20838A532716E1A0000ABC6B /* Release */ = {
			isa = XCBuildConfiguration;
			baseConfigurationReference = E82D8BB91DF2BE2F538DC31F /* Pods-WatchTesterApp WatchKit AppUITests.release.xcconfig */;
			buildSettings = {
				CODE_SIGN_STYLE = Automatic;
				DEVELOPMENT_TEAM = 42Q4X42Y9R;
				INFOPLIST_FILE = "WatchTesterApp WatchKit AppUITests/Info.plist";
				LD_RUNPATH_SEARCH_PATHS = (
					"$(inherited)",
					"@executable_path/Frameworks",
					"@loader_path/Frameworks",
				);
				PRODUCT_BUNDLE_IDENTIFIER = "com.zhannamoskaliuk.WatchTesterApp-WatchKit-AppUITests";
				PRODUCT_NAME = "$(TARGET_NAME)";
				SDKROOT = watchos;
				SWIFT_VERSION = 5.0;
				TARGETED_DEVICE_FAMILY = 4;
				TEST_TARGET_NAME = Watch;
				VALIDATE_PRODUCT = YES;
				WATCHOS_DEPLOYMENT_TARGET = 7.4;
			};
			name = Release;
		};
/* End XCBuildConfiguration section */

/* Begin XCConfigurationList section */
		208389D92716E19C000ABC6B /* Build configuration list for PBXProject "WatchTesterApp" */ = {
			isa = XCConfigurationList;
			buildConfigurations = (
				20838A3B2716E1A0000ABC6B /* Debug */,
				20838A3C2716E1A0000ABC6B /* Release */,
			);
			defaultConfigurationIsVisible = 0;
			defaultConfigurationName = Release;
		};
		20838A3D2716E1A0000ABC6B /* Build configuration list for PBXNativeTarget "WatchTesterApp WatchKit Extension" */ = {
			isa = XCConfigurationList;
			buildConfigurations = (
				20838A3E2716E1A0000ABC6B /* Debug */,
				20838A3F2716E1A0000ABC6B /* Release */,
			);
			defaultConfigurationIsVisible = 0;
			defaultConfigurationName = Release;
		};
		20838A412716E1A0000ABC6B /* Build configuration list for PBXNativeTarget "Watch" */ = {
			isa = XCConfigurationList;
			buildConfigurations = (
				20838A422716E1A0000ABC6B /* Debug */,
				20838A432716E1A0000ABC6B /* Release */,
			);
			defaultConfigurationIsVisible = 0;
			defaultConfigurationName = Release;
		};
		20838A452716E1A0000ABC6B /* Build configuration list for PBXNativeTarget "WatchTesterApp" */ = {
			isa = XCConfigurationList;
			buildConfigurations = (
				20838A462716E1A0000ABC6B /* Debug */,
				20838A472716E1A0000ABC6B /* Release */,
			);
			defaultConfigurationIsVisible = 0;
			defaultConfigurationName = Release;
		};
		20838A4B2716E1A0000ABC6B /* Build configuration list for PBXNativeTarget "WatchTesterAppUITests" */ = {
			isa = XCConfigurationList;
			buildConfigurations = (
				20838A4C2716E1A0000ABC6B /* Debug */,
				20838A4D2716E1A0000ABC6B /* Release */,
			);
			defaultConfigurationIsVisible = 0;
			defaultConfigurationName = Release;
		};
		20838A512716E1A0000ABC6B /* Build configuration list for PBXNativeTarget "WatchTesterApp WatchKit AppUITests" */ = {
			isa = XCConfigurationList;
			buildConfigurations = (
				20838A522716E1A0000ABC6B /* Debug */,
				20838A532716E1A0000ABC6B /* Release */,
			);
			defaultConfigurationIsVisible = 0;
			defaultConfigurationName = Release;
		};
/* End XCConfigurationList section */
	};
	rootObject = 208389D62716E19C000ABC6B /* Project object */;
}
